// !$*UTF8*$!
{
	archiveVersion = 1;
	classes = {
	};
	objectVersion = 56;
	objects = {

/* Begin PBXBuildFile section */
		2BF9D9322D964048891DEF15 /* WorldGenerator.swift in Sources */ = {isa = PBXBuildFile; fileRef = D749461343E24F719F3AA3F4 /* WorldGenerator.swift */; };
		2BF9D9322D964048891DEF16 /* WorldGenerator.swift in Sources */ = {isa = PBXBuildFile; fileRef = D749461343E24F719F3AA3F4 /* WorldGenerator.swift */; };
		2BF9D9322D964048891DEF17 /* WorldGenerator.swift in Sources */ = {isa = PBXBuildFile; fileRef = D749461343E24F719F3AA3F4 /* WorldGenerator.swift */; };
		646D664F31444818B92D9AC9 /* ChunkSystem.swift in Sources */ = {isa = PBXBuildFile; fileRef = C7F26D3C851C490EB095A54E /* ChunkSystem.swift */; };
		646D664F31444818B92D9AD0 /* ChunkSystem.swift in Sources */ = {isa = PBXBuildFile; fileRef = C7F26D3C851C490EB095A54E /* ChunkSystem.swift */; };
		646D664F31444818B92D9AD1 /* ChunkSystem.swift in Sources */ = {isa = PBXBuildFile; fileRef = C7F26D3C851C490EB095A54E /* ChunkSystem.swift */; };
		6753AA042F13920B00DF0F1E /* SpriteGenerationService.swift in Sources */ = {isa = PBXBuildFile; fileRef = 6753AA032F13920B00DF0F1E /* SpriteGenerationService.swift */; };
		6753AA052F13920B00DF0F1E /* SpriteGenerationService.swift in Sources */ = {isa = PBXBuildFile; fileRef = 6753AA032F13920B00DF0F1E /* SpriteGenerationService.swift */; };
		6753AA062F13920B00DF0F1E /* SpriteGenerationService.swift in Sources */ = {isa = PBXBuildFile; fileRef = 6753AA032F13920B00DF0F1E /* SpriteGenerationService.swift */; };
		6753AA092F145E8000DF0F1E /* GameScene_iOS.swift in Sources */ = {isa = PBXBuildFile; fileRef = 6753AA072F145E7F00DF0F1E /* GameScene_iOS.swift */; };
		6753AA0A2F145E8000DF0F1E /* GameScene_iOS.swift in Sources */ = {isa = PBXBuildFile; fileRef = 6753AA072F145E7F00DF0F1E /* GameScene_iOS.swift */; };
		6753AA0B2F145E8000DF0F1E /* GameScene_iOS.swift in Sources */ = {isa = PBXBuildFile; fileRef = 6753AA072F145E7F00DF0F1E /* GameScene_iOS.swift */; };
		6753AA0C2F145E8000DF0F1E /* GameScene_macOS.swift in Sources */ = {isa = PBXBuildFile; fileRef = 6753AA082F145E7F00DF0F1E /* GameScene_macOS.swift */; };
		6753AA0D2F145E8000DF0F1E /* GameScene_macOS.swift in Sources */ = {isa = PBXBuildFile; fileRef = 6753AA082F145E7F00DF0F1E /* GameScene_macOS.swift */; };
		6753AA0E2F145E8000DF0F1E /* GameScene_macOS.swift in Sources */ = {isa = PBXBuildFile; fileRef = 6753AA082F145E7F00DF0F1E /* GameScene_macOS.swift */; };
		6753AA102F18C23000DF0F1E /* Interior1.tmx in Resources */ = {isa = PBXBuildFile; fileRef = 6753AA0F2F18C23000DF0F1E /* Interior1.tmx */; };
		6753AA112F18C23000DF0F1E /* Interior1.tmx in Resources */ = {isa = PBXBuildFile; fileRef = 6753AA0F2F18C23000DF0F1E /* Interior1.tmx */; };
		6753AA122F18C23000DF0F1E /* Interior1.tmx in Resources */ = {isa = PBXBuildFile; fileRef = 6753AA0F2F18C23000DF0F1E /* Interior1.tmx */; };
		6753AA592F1DABAF00DF0F1E /* prefabs_desert.json in Resources */ = {isa = PBXBuildFile; fileRef = 6753AA4C2F1DABAF00DF0F1E /* prefabs_desert.json */; };
		6753AA5A2F1DABAF00DF0F1E /* prefabs_grassland.json in Resources */ = {isa = PBXBuildFile; fileRef = 6753AA4D2F1DABAF00DF0F1E /* prefabs_grassland.json */; };
		6753AA5B2F1DABAF00DF0F1E /* animals.json in Resources */ = {isa = PBXBuildFile; fileRef = 6753AA4F2F1DABAF00DF0F1E /* animals.json */; };
		6753AA5C2F1DABAF00DF0F1E /* buildable_structures.json in Resources */ = {isa = PBXBuildFile; fileRef = 6753AA502F1DABAF00DF0F1E /* buildable_structures.json */; };
		6753AA5D2F1DABAF00DF0F1E /* chests.json in Resources */ = {isa = PBXBuildFile; fileRef = 6753AA512F1DABAF00DF0F1E /* chests.json */; };
		6753AA5E2F1DABAF00DF0F1E /* classes.json in Resources */ = {isa = PBXBuildFile; fileRef = 6753AA522F1DABAF00DF0F1E /* classes.json */; };
		6753AA5F2F1DABAF00DF0F1E /* enemies.json in Resources */ = {isa = PBXBuildFile; fileRef = 6753AA532F1DABAF00DF0F1E /* enemies.json */; };
		6753AA602F1DABAF00DF0F1E /* items.json in Resources */ = {isa = PBXBuildFile; fileRef = 6753AA542F1DABAF00DF0F1E /* items.json */; };
		6753AA612F1DABAF00DF0F1E /* npcs.json in Resources */ = {isa = PBXBuildFile; fileRef = 6753AA552F1DABAF00DF0F1E /* npcs.json */; };
		6753AA622F1DABAF00DF0F1E /* races.json in Resources */ = {isa = PBXBuildFile; fileRef = 6753AA562F1DABAF00DF0F1E /* races.json */; };
		6753AA632F1DABAF00DF0F1E /* skills.json in Resources */ = {isa = PBXBuildFile; fileRef = 6753AA572F1DABAF00DF0F1E /* skills.json */; };
		6753AA642F1DAE3C00DF0F1E /* items.json in Resources */ = {isa = PBXBuildFile; fileRef = 6753AA542F1DABAF00DF0F1E /* items.json */; };
		6753AA652F1DAE3C00DF0F1E /* enemies.json in Resources */ = {isa = PBXBuildFile; fileRef = 6753AA532F1DABAF00DF0F1E /* enemies.json */; };
		6753AA662F1DAE3C00DF0F1E /* npcs.json in Resources */ = {isa = PBXBuildFile; fileRef = 6753AA552F1DABAF00DF0F1E /* npcs.json */; };
		6753AA672F1DAE3C00DF0F1E /* buildable_structures.json in Resources */ = {isa = PBXBuildFile; fileRef = 6753AA502F1DABAF00DF0F1E /* buildable_structures.json */; };
		6753AA682F1DAE3C00DF0F1E /* animals.json in Resources */ = {isa = PBXBuildFile; fileRef = 6753AA4F2F1DABAF00DF0F1E /* animals.json */; };
		6753AA692F1DAE3C00DF0F1E /* chests.json in Resources */ = {isa = PBXBuildFile; fileRef = 6753AA512F1DABAF00DF0F1E /* chests.json */; };
		6753AA6A2F1DAE3C00DF0F1E /* races.json in Resources */ = {isa = PBXBuildFile; fileRef = 6753AA562F1DABAF00DF0F1E /* races.json */; };
		6753AA6B2F1DAE3C00DF0F1E /* classes.json in Resources */ = {isa = PBXBuildFile; fileRef = 6753AA522F1DABAF00DF0F1E /* classes.json */; };
		6753AA6C2F1DAE3C00DF0F1E /* skills.json in Resources */ = {isa = PBXBuildFile; fileRef = 6753AA572F1DABAF00DF0F1E /* skills.json */; };
		6753AA6D2F1DAE3C00DF0F1E /* items.json in Resources */ = {isa = PBXBuildFile; fileRef = 6753AA542F1DABAF00DF0F1E /* items.json */; };
		6753AA6E2F1DAE3C00DF0F1E /* enemies.json in Resources */ = {isa = PBXBuildFile; fileRef = 6753AA532F1DABAF00DF0F1E /* enemies.json */; };
		6753AA6F2F1DAE3C00DF0F1E /* npcs.json in Resources */ = {isa = PBXBuildFile; fileRef = 6753AA552F1DABAF00DF0F1E /* npcs.json */; };
		6753AA702F1DAE3C00DF0F1E /* buildable_structures.json in Resources */ = {isa = PBXBuildFile; fileRef = 6753AA502F1DABAF00DF0F1E /* buildable_structures.json */; };
		6753AA712F1DAE3C00DF0F1E /* animals.json in Resources */ = {isa = PBXBuildFile; fileRef = 6753AA4F2F1DABAF00DF0F1E /* animals.json */; };
		6753AA722F1DAE3C00DF0F1E /* chests.json in Resources */ = {isa = PBXBuildFile; fileRef = 6753AA512F1DABAF00DF0F1E /* chests.json */; };
		6753AA732F1DAE3C00DF0F1E /* races.json in Resources */ = {isa = PBXBuildFile; fileRef = 6753AA562F1DABAF00DF0F1E /* races.json */; };
		6753AA742F1DAE3C00DF0F1E /* classes.json in Resources */ = {isa = PBXBuildFile; fileRef = 6753AA522F1DABAF00DF0F1E /* classes.json */; };
		6753AA752F1DAE3C00DF0F1E /* skills.json in Resources */ = {isa = PBXBuildFile; fileRef = 6753AA572F1DABAF00DF0F1E /* skills.json */; };
		6753AA762F1DAE4200DF0F1E /* prefabs_desert.json in Resources */ = {isa = PBXBuildFile; fileRef = 6753AA4C2F1DABAF00DF0F1E /* prefabs_desert.json */; };
		6753AA772F1DAE4200DF0F1E /* prefabs_grassland.json in Resources */ = {isa = PBXBuildFile; fileRef = 6753AA4D2F1DABAF00DF0F1E /* prefabs_grassland.json */; };
		6753AA782F1DAE4200DF0F1E /* prefabs_desert.json in Resources */ = {isa = PBXBuildFile; fileRef = 6753AA4C2F1DABAF00DF0F1E /* prefabs_desert.json */; };
		6753AA792F1DAE4200DF0F1E /* prefabs_grassland.json in Resources */ = {isa = PBXBuildFile; fileRef = 6753AA4D2F1DABAF00DF0F1E /* prefabs_grassland.json */; };
		6753AA7B2F1DD0AF00DF0F1E /* BuildUI.swift in Sources */ = {isa = PBXBuildFile; fileRef = 6753AA7A2F1DD0AF00DF0F1E /* BuildUI.swift */; };
		6753AA7C2F1DD0AF00DF0F1E /* BuildUI.swift in Sources */ = {isa = PBXBuildFile; fileRef = 6753AA7A2F1DD0AF00DF0F1E /* BuildUI.swift */; };
		6753AA7D2F1DD0AF00DF0F1E /* BuildUI.swift in Sources */ = {isa = PBXBuildFile; fileRef = 6753AA7A2F1DD0AF00DF0F1E /* BuildUI.swift */; };
		6753AA7F2F1EEEFD00DF0F1E /* TerrainAutotiling.swift in Sources */ = {isa = PBXBuildFile; fileRef = 6753AA7E2F1EEEFD00DF0F1E /* TerrainAutotiling.swift */; };
		6753AA802F1EEEFD00DF0F1E /* TerrainAutotiling.swift in Sources */ = {isa = PBXBuildFile; fileRef = 6753AA7E2F1EEEFD00DF0F1E /* TerrainAutotiling.swift */; };
		6753AA812F1EEEFD00DF0F1E /* TerrainAutotiling.swift in Sources */ = {isa = PBXBuildFile; fileRef = 6753AA7E2F1EEEFD00DF0F1E /* TerrainAutotiling.swift */; };
		67571A6C2F1F788000511067 /* terrain1.tsx in Resources */ = {isa = PBXBuildFile; fileRef = 67571A6B2F1F777E00511067 /* terrain1.tsx */; };
		67571A6D2F1F788000511067 /* water1.tsx in Resources */ = {isa = PBXBuildFile; fileRef = 67571A6A2F1F777E00511067 /* water1.tsx */; };
		67571A6E2F1F788F00511067 /* terrain1.tsx in Resources */ = {isa = PBXBuildFile; fileRef = 67571A6B2F1F777E00511067 /* terrain1.tsx */; };
		67571A6F2F1F788F00511067 /* water1.tsx in Resources */ = {isa = PBXBuildFile; fileRef = 67571A6A2F1F777E00511067 /* water1.tsx */; };
		67571A702F1F789A00511067 /* terrain1.tsx in Resources */ = {isa = PBXBuildFile; fileRef = 67571A6B2F1F777E00511067 /* terrain1.tsx */; };
		67571A712F1F789A00511067 /* water1.tsx in Resources */ = {isa = PBXBuildFile; fileRef = 67571A6A2F1F777E00511067 /* water1.tsx */; };
		67571A732F206F3000511067 /* ChestUI.swift in Sources */ = {isa = PBXBuildFile; fileRef = 67571A722F206F3000511067 /* ChestUI.swift */; };
		67571A742F206F3000511067 /* ChestUI.swift in Sources */ = {isa = PBXBuildFile; fileRef = 67571A722F206F3000511067 /* ChestUI.swift */; };
		67571A752F206F3000511067 /* ChestUI.swift in Sources */ = {isa = PBXBuildFile; fileRef = 67571A722F206F3000511067 /* ChestUI.swift */; };
		67571A772F20956300511067 /* outside_objects1.tsx in Resources */ = {isa = PBXBuildFile; fileRef = 67571A762F20953E00511067 /* outside_objects1.tsx */; };
		67571A782F20956E00511067 /* outside_objects1.tsx in Resources */ = {isa = PBXBuildFile; fileRef = 67571A762F20953E00511067 /* outside_objects1.tsx */; };
		67571A792F20957300511067 /* outside_objects1.tsx in Resources */ = {isa = PBXBuildFile; fileRef = 67571A762F20953E00511067 /* outside_objects1.tsx */; };
		67571A832F21952F00511067 /* GameScene_ObjectInteraction.swift in Sources */ = {isa = PBXBuildFile; fileRef = 67571A7A2F21952F00511067 /* GameScene_ObjectInteraction.swift */; };
		67571A842F21952F00511067 /* GameScene_ObjectInteraction.swift in Sources */ = {isa = PBXBuildFile; fileRef = 67571A7A2F21952F00511067 /* GameScene_ObjectInteraction.swift */; };
		67571A852F21952F00511067 /* GameScene_ObjectInteraction.swift in Sources */ = {isa = PBXBuildFile; fileRef = 67571A7A2F21952F00511067 /* GameScene_ObjectInteraction.swift */; };
		67571A862F21952F00511067 /* GameScene_Collision.swift in Sources */ = {isa = PBXBuildFile; fileRef = 67571A7B2F21952F00511067 /* GameScene_Collision.swift */; };
		67571A872F21952F00511067 /* GameScene_Collision.swift in Sources */ = {isa = PBXBuildFile; fileRef = 67571A7B2F21952F00511067 /* GameScene_Collision.swift */; };
		67571A882F21952F00511067 /* GameScene_Collision.swift in Sources */ = {isa = PBXBuildFile; fileRef = 67571A7B2F21952F00511067 /* GameScene_Collision.swift */; };
		67571A892F21952F00511067 /* GameScene_LoadingScreen.swift in Sources */ = {isa = PBXBuildFile; fileRef = 67571A7C2F21952F00511067 /* GameScene_LoadingScreen.swift */; };
		67571A8A2F21952F00511067 /* GameScene_LoadingScreen.swift in Sources */ = {isa = PBXBuildFile; fileRef = 67571A7C2F21952F00511067 /* GameScene_LoadingScreen.swift */; };
		67571A8B2F21952F00511067 /* GameScene_LoadingScreen.swift in Sources */ = {isa = PBXBuildFile; fileRef = 67571A7C2F21952F00511067 /* GameScene_LoadingScreen.swift */; };
		67571A8C2F21952F00511067 /* GameScene_EntityManagement.swift in Sources */ = {isa = PBXBuildFile; fileRef = 67571A7D2F21952F00511067 /* GameScene_EntityManagement.swift */; };
		67571A8D2F21952F00511067 /* GameScene_EntityManagement.swift in Sources */ = {isa = PBXBuildFile; fileRef = 67571A7D2F21952F00511067 /* GameScene_EntityManagement.swift */; };
		67571A8E2F21952F00511067 /* GameScene_EntityManagement.swift in Sources */ = {isa = PBXBuildFile; fileRef = 67571A7D2F21952F00511067 /* GameScene_EntityManagement.swift */; };
		67571A8F2F21952F00511067 /* GameScene_PlayerMovement.swift in Sources */ = {isa = PBXBuildFile; fileRef = 67571A7E2F21952F00511067 /* GameScene_PlayerMovement.swift */; };
		67571A902F21952F00511067 /* GameScene_PlayerMovement.swift in Sources */ = {isa = PBXBuildFile; fileRef = 67571A7E2F21952F00511067 /* GameScene_PlayerMovement.swift */; };
		67571A912F21952F00511067 /* GameScene_PlayerMovement.swift in Sources */ = {isa = PBXBuildFile; fileRef = 67571A7E2F21952F00511067 /* GameScene_PlayerMovement.swift */; };
		67571A922F21952F00511067 /* GameScene_Building.swift in Sources */ = {isa = PBXBuildFile; fileRef = 67571A7F2F21952F00511067 /* GameScene_Building.swift */; };
		67571A932F21952F00511067 /* GameScene_Building.swift in Sources */ = {isa = PBXBuildFile; fileRef = 67571A7F2F21952F00511067 /* GameScene_Building.swift */; };
		67571A942F21952F00511067 /* GameScene_Building.swift in Sources */ = {isa = PBXBuildFile; fileRef = 67571A7F2F21952F00511067 /* GameScene_Building.swift */; };
		67571A952F21952F00511067 /* GameScene_Inventory.swift in Sources */ = {isa = PBXBuildFile; fileRef = 67571A802F21952F00511067 /* GameScene_Inventory.swift */; };
		67571A962F21952F00511067 /* GameScene_Inventory.swift in Sources */ = {isa = PBXBuildFile; fileRef = 67571A802F21952F00511067 /* GameScene_Inventory.swift */; };
		67571A972F21952F00511067 /* GameScene_Inventory.swift in Sources */ = {isa = PBXBuildFile; fileRef = 67571A802F21952F00511067 /* GameScene_Inventory.swift */; };
		67571A982F21952F00511067 /* GameScene_Camera.swift in Sources */ = {isa = PBXBuildFile; fileRef = 67571A812F21952F00511067 /* GameScene_Camera.swift */; };
		67571A992F21952F00511067 /* GameScene_Camera.swift in Sources */ = {isa = PBXBuildFile; fileRef = 67571A812F21952F00511067 /* GameScene_Camera.swift */; };
		67571A9A2F21952F00511067 /* GameScene_Camera.swift in Sources */ = {isa = PBXBuildFile; fileRef = 67571A812F21952F00511067 /* GameScene_Camera.swift */; };
		67571A9B2F21952F00511067 /* GameScene_WorldRendering.swift in Sources */ = {isa = PBXBuildFile; fileRef = 67571A822F21952F00511067 /* GameScene_WorldRendering.swift */; };
		67571A9C2F21952F00511067 /* GameScene_WorldRendering.swift in Sources */ = {isa = PBXBuildFile; fileRef = 67571A822F21952F00511067 /* GameScene_WorldRendering.swift */; };
		67571A9D2F21952F00511067 /* GameScene_WorldRendering.swift in Sources */ = {isa = PBXBuildFile; fileRef = 67571A822F21952F00511067 /* GameScene_WorldRendering.swift */; };
		67571A9F2F2305DC00511067 /* GameScene_EntitySpawning.swift in Sources */ = {isa = PBXBuildFile; fileRef = 67571A9E2F2305DC00511067 /* GameScene_EntitySpawning.swift */; };
		67571AA02F2305DC00511067 /* GameScene_EntitySpawning.swift in Sources */ = {isa = PBXBuildFile; fileRef = 67571A9E2F2305DC00511067 /* GameScene_EntitySpawning.swift */; };
		67571AA12F2305DC00511067 /* GameScene_EntitySpawning.swift in Sources */ = {isa = PBXBuildFile; fileRef = 67571A9E2F2305DC00511067 /* GameScene_EntitySpawning.swift */; };
		67C26A732F1334C400C97685 /* AppDelegate.swift in Sources */ = {isa = PBXBuildFile; fileRef = 67C26A722F1334C400C97685 /* AppDelegate.swift */; };
		67C26A752F1334C400C97685 /* GameViewController.swift in Sources */ = {isa = PBXBuildFile; fileRef = 67C26A742F1334C400C97685 /* GameViewController.swift */; };
		67C26A782F1334C400C97685 /* Base in Resources */ = {isa = PBXBuildFile; fileRef = 67C26A772F1334C400C97685 /* Base */; };
		67C26A7B2F1334C400C97685 /* Base in Resources */ = {isa = PBXBuildFile; fileRef = 67C26A7A2F1334C400C97685 /* Base */; };
		67C26A832F1334C500C97685 /* AppDelegate.swift in Sources */ = {isa = PBXBuildFile; fileRef = 67C26A822F1334C500C97685 /* AppDelegate.swift */; };
		67C26A852F1334C500C97685 /* GameViewController.swift in Sources */ = {isa = PBXBuildFile; fileRef = 67C26A842F1334C500C97685 /* GameViewController.swift */; };
		67C26A882F1334C500C97685 /* Base in Resources */ = {isa = PBXBuildFile; fileRef = 67C26A872F1334C500C97685 /* Base */; };
		67C26A8B2F1334C500C97685 /* Base in Resources */ = {isa = PBXBuildFile; fileRef = 67C26A8A2F1334C500C97685 /* Base */; };
		67C26A932F1334C500C97685 /* AppDelegate.swift in Sources */ = {isa = PBXBuildFile; fileRef = 67C26A922F1334C500C97685 /* AppDelegate.swift */; };
		67C26A952F1334C500C97685 /* GameViewController.swift in Sources */ = {isa = PBXBuildFile; fileRef = 67C26A942F1334C500C97685 /* GameViewController.swift */; };
		67C26A982F1334C500C97685 /* Base in Resources */ = {isa = PBXBuildFile; fileRef = 67C26A972F1334C500C97685 /* Base */; };
		67C26A9A2F1334C500C97685 /* Actions.sks in Resources */ = {isa = PBXBuildFile; fileRef = 67C26A672F1334C200C97685 /* Actions.sks */; };
		67C26A9B2F1334C500C97685 /* Actions.sks in Resources */ = {isa = PBXBuildFile; fileRef = 67C26A672F1334C200C97685 /* Actions.sks */; };
		67C26A9C2F1334C500C97685 /* Actions.sks in Resources */ = {isa = PBXBuildFile; fileRef = 67C26A672F1334C200C97685 /* Actions.sks */; };
		67C26AA32F1334C500C97685 /* Assets.xcassets in Resources */ = {isa = PBXBuildFile; fileRef = 67C26A6A2F1334C400C97685 /* Assets.xcassets */; };
		67C26AA42F1334C500C97685 /* Assets.xcassets in Resources */ = {isa = PBXBuildFile; fileRef = 67C26A6A2F1334C400C97685 /* Assets.xcassets */; };
		67C26AA52F1334C500C97685 /* Assets.xcassets in Resources */ = {isa = PBXBuildFile; fileRef = 67C26A6A2F1334C400C97685 /* Assets.xcassets */; };
		67C26AB92F1335B700C97685 /* Character.swift in Sources */ = {isa = PBXBuildFile; fileRef = 67C26AB42F1335B700C97685 /* Character.swift */; };
		67C26ABA2F1335B700C97685 /* Character.swift in Sources */ = {isa = PBXBuildFile; fileRef = 67C26AB42F1335B700C97685 /* Character.swift */; };
		67C26ABB2F1335B700C97685 /* Character.swift in Sources */ = {isa = PBXBuildFile; fileRef = 67C26AB42F1335B700C97685 /* Character.swift */; };
		67C26ABC2F1335B700C97685 /* Structure.swift in Sources */ = {isa = PBXBuildFile; fileRef = 67C26AB52F1335B700C97685 /* Structure.swift */; };
		67C26ABD2F1335B700C97685 /* Structure.swift in Sources */ = {isa = PBXBuildFile; fileRef = 67C26AB52F1335B700C97685 /* Structure.swift */; };
		67C26ABE2F1335B700C97685 /* Structure.swift in Sources */ = {isa = PBXBuildFile; fileRef = 67C26AB52F1335B700C97685 /* Structure.swift */; };
		67C26ABF2F1335B700C97685 /* Player.swift in Sources */ = {isa = PBXBuildFile; fileRef = 67C26AB62F1335B700C97685 /* Player.swift */; };
		67C26AC02F1335B700C97685 /* Player.swift in Sources */ = {isa = PBXBuildFile; fileRef = 67C26AB62F1335B700C97685 /* Player.swift */; };
		67C26AC12F1335B700C97685 /* Player.swift in Sources */ = {isa = PBXBuildFile; fileRef = 67C26AB62F1335B700C97685 /* Player.swift */; };
		67C26AC22F1335B700C97685 /* Item.swift in Sources */ = {isa = PBXBuildFile; fileRef = 67C26AB72F1335B700C97685 /* Item.swift */; };
		67C26AC32F1335B700C97685 /* Item.swift in Sources */ = {isa = PBXBuildFile; fileRef = 67C26AB72F1335B700C97685 /* Item.swift */; };
		67C26AC42F1335B700C97685 /* Item.swift in Sources */ = {isa = PBXBuildFile; fileRef = 67C26AB72F1335B700C97685 /* Item.swift */; };
		67C26AC52F1335B700C97685 /* Animal.swift in Sources */ = {isa = PBXBuildFile; fileRef = 67C26AB82F1335B700C97685 /* Animal.swift */; };
		67C26AC62F1335B700C97685 /* Animal.swift in Sources */ = {isa = PBXBuildFile; fileRef = 67C26AB82F1335B700C97685 /* Animal.swift */; };
		67C26AC72F1335B700C97685 /* Animal.swift in Sources */ = {isa = PBXBuildFile; fileRef = 67C26AB82F1335B700C97685 /* Animal.swift */; };
		67C26ACF2F1335CD00C97685 /* TileManager.swift in Sources */ = {isa = PBXBuildFile; fileRef = 67C26AC82F1335CD00C97685 /* TileManager.swift */; };
		67C26AD02F1335CD00C97685 /* TileManager.swift in Sources */ = {isa = PBXBuildFile; fileRef = 67C26AC82F1335CD00C97685 /* TileManager.swift */; };
		67C26AD12F1335CD00C97685 /* TileManager.swift in Sources */ = {isa = PBXBuildFile; fileRef = 67C26AC82F1335CD00C97685 /* TileManager.swift */; };
		67C26AD22F1335CD00C97685 /* SaveManager.swift in Sources */ = {isa = PBXBuildFile; fileRef = 67C26AC92F1335CD00C97685 /* SaveManager.swift */; };
		67C26AD32F1335CD00C97685 /* SaveManager.swift in Sources */ = {isa = PBXBuildFile; fileRef = 67C26AC92F1335CD00C97685 /* SaveManager.swift */; };
		67C26AD42F1335CD00C97685 /* SaveManager.swift in Sources */ = {isa = PBXBuildFile; fileRef = 67C26AC92F1335CD00C97685 /* SaveManager.swift */; };
		67C26AD52F1335CD00C97685 /* DialogueSystem.swift in Sources */ = {isa = PBXBuildFile; fileRef = 67C26ACA2F1335CD00C97685 /* DialogueSystem.swift */; };
		67C26AD62F1335CD00C97685 /* DialogueSystem.swift in Sources */ = {isa = PBXBuildFile; fileRef = 67C26ACA2F1335CD00C97685 /* DialogueSystem.swift */; };
		67C26AD72F1335CD00C97685 /* DialogueSystem.swift in Sources */ = {isa = PBXBuildFile; fileRef = 67C26ACA2F1335CD00C97685 /* DialogueSystem.swift */; };
		67C26AD82F1335CD00C97685 /* CombatSystem.swift in Sources */ = {isa = PBXBuildFile; fileRef = 67C26ACB2F1335CD00C97685 /* CombatSystem.swift */; };
		67C26AD92F1335CD00C97685 /* CombatSystem.swift in Sources */ = {isa = PBXBuildFile; fileRef = 67C26ACB2F1335CD00C97685 /* CombatSystem.swift */; };
		67C26ADA2F1335CD00C97685 /* CombatSystem.swift in Sources */ = {isa = PBXBuildFile; fileRef = 67C26ACB2F1335CD00C97685 /* CombatSystem.swift */; };
		67C26ADB2F1335CD00C97685 /* WorldSystem.swift in Sources */ = {isa = PBXBuildFile; fileRef = 67C26ACC2F1335CD00C97685 /* WorldSystem.swift */; };
		67C26ADC2F1335CD00C97685 /* WorldSystem.swift in Sources */ = {isa = PBXBuildFile; fileRef = 67C26ACC2F1335CD00C97685 /* WorldSystem.swift */; };
		67C26ADD2F1335CD00C97685 /* WorldSystem.swift in Sources */ = {isa = PBXBuildFile; fileRef = 67C26ACC2F1335CD00C97685 /* WorldSystem.swift */; };
		67C26ADE2F1335CD00C97685 /* TiledMapParser.swift in Sources */ = {isa = PBXBuildFile; fileRef = 67C26ACD2F1335CD00C97685 /* TiledMapParser.swift */; };
		67C26ADF2F1335CD00C97685 /* TiledMapParser.swift in Sources */ = {isa = PBXBuildFile; fileRef = 67C26ACD2F1335CD00C97685 /* TiledMapParser.swift */; };
		67C26AE02F1335CD00C97685 /* TiledMapParser.swift in Sources */ = {isa = PBXBuildFile; fileRef = 67C26ACD2F1335CD00C97685 /* TiledMapParser.swift */; };
		67C26AE12F1335CD00C97685 /* GameState.swift in Sources */ = {isa = PBXBuildFile; fileRef = 67C26ACE2F1335CD00C97685 /* GameState.swift */; };
		67C26AE22F1335CD00C97685 /* GameState.swift in Sources */ = {isa = PBXBuildFile; fileRef = 67C26ACE2F1335CD00C97685 /* GameState.swift */; };
		67C26AE32F1335CD00C97685 /* GameState.swift in Sources */ = {isa = PBXBuildFile; fileRef = 67C26ACE2F1335CD00C97685 /* GameState.swift */; };
		67C26AE72F1335D700C97685 /* MenuStyling.swift in Sources */ = {isa = PBXBuildFile; fileRef = 67C26AE42F1335D700C97685 /* MenuStyling.swift */; };
		67C26AE82F1335D700C97685 /* MenuStyling.swift in Sources */ = {isa = PBXBuildFile; fileRef = 67C26AE42F1335D700C97685 /* MenuStyling.swift */; };
		67C26AE92F1335D700C97685 /* MenuStyling.swift in Sources */ = {isa = PBXBuildFile; fileRef = 67C26AE42F1335D700C97685 /* MenuStyling.swift */; };
		67C26AEA2F1335D700C97685 /* CombatUI.swift in Sources */ = {isa = PBXBuildFile; fileRef = 67C26AE52F1335D700C97685 /* CombatUI.swift */; };
		67C26AEB2F1335D700C97685 /* CombatUI.swift in Sources */ = {isa = PBXBuildFile; fileRef = 67C26AE52F1335D700C97685 /* CombatUI.swift */; };
		67C26AEC2F1335D700C97685 /* CombatUI.swift in Sources */ = {isa = PBXBuildFile; fileRef = 67C26AE52F1335D700C97685 /* CombatUI.swift */; };
		67C26AED2F1335D700C97685 /* GameUI.swift in Sources */ = {isa = PBXBuildFile; fileRef = 67C26AE62F1335D700C97685 /* GameUI.swift */; };
		67C26AEE2F1335D700C97685 /* GameUI.swift in Sources */ = {isa = PBXBuildFile; fileRef = 67C26AE62F1335D700C97685 /* GameUI.swift */; };
		67C26AEF2F1335D700C97685 /* GameUI.swift in Sources */ = {isa = PBXBuildFile; fileRef = 67C26AE62F1335D700C97685 /* GameUI.swift */; };
		67C26AF02F1335D700C97685 /* CharacterUI.swift in Sources */ = {isa = PBXBuildFile; fileRef = 67C26AF12F1335D700C97685 /* CharacterUI.swift */; };
		67C26AF32F1335D700C97685 /* CharacterUI.swift in Sources */ = {isa = PBXBuildFile; fileRef = 67C26AF12F1335D700C97685 /* CharacterUI.swift */; };
		67C26AF42F1335D700C97685 /* CharacterUI.swift in Sources */ = {isa = PBXBuildFile; fileRef = 67C26AF12F1335D700C97685 /* CharacterUI.swift */; };
		67C26AF52F13363700C97685 /* StartScreenScene.swift in Sources */ = {isa = PBXBuildFile; fileRef = 67C26AF42F13363700C97685 /* StartScreenScene.swift */; };
		67C26AF62F13363700C97685 /* StartScreenScene.swift in Sources */ = {isa = PBXBuildFile; fileRef = 67C26AF42F13363700C97685 /* StartScreenScene.swift */; };
		67C26AF72F13363700C97685 /* StartScreenScene.swift in Sources */ = {isa = PBXBuildFile; fileRef = 67C26AF42F13363700C97685 /* StartScreenScene.swift */; };
		67C26AFD2F13365500C97685 /* Exterior.tmx in Resources */ = {isa = PBXBuildFile; fileRef = 67C26AFC2F13365500C97685 /* Exterior.tmx */; };
		67C26AFE2F13365500C97685 /* Exterior.tmx in Resources */ = {isa = PBXBuildFile; fileRef = 67C26AFC2F13365500C97685 /* Exterior.tmx */; };
		67C26AFF2F13365500C97685 /* Exterior.tmx in Resources */ = {isa = PBXBuildFile; fileRef = 67C26AFC2F13365500C97685 /* Exterior.tmx */; };
		67C26B012F13365B00C97685 /* CombatScene.swift in Sources */ = {isa = PBXBuildFile; fileRef = 67C26B002F13365B00C97685 /* CombatScene.swift */; };
		67C26B022F13365B00C97685 /* CombatScene.swift in Sources */ = {isa = PBXBuildFile; fileRef = 67C26B002F13365B00C97685 /* CombatScene.swift */; };
		67C26B032F13365B00C97685 /* CombatScene.swift in Sources */ = {isa = PBXBuildFile; fileRef = 67C26B002F13365B00C97685 /* CombatScene.swift */; };
		67C26B052F13365E00C97685 /* CharacterCreationScene.swift in Sources */ = {isa = PBXBuildFile; fileRef = 67C26B042F13365E00C97685 /* CharacterCreationScene.swift */; };
		67C26B062F13365E00C97685 /* CharacterCreationScene.swift in Sources */ = {isa = PBXBuildFile; fileRef = 67C26B042F13365E00C97685 /* CharacterCreationScene.swift */; };
		67C26B072F13365E00C97685 /* CharacterCreationScene.swift in Sources */ = {isa = PBXBuildFile; fileRef = 67C26B042F13365E00C97685 /* CharacterCreationScene.swift */; };
		67C26B092F13366200C97685 /* AnimalEncounterScene.swift in Sources */ = {isa = PBXBuildFile; fileRef = 67C26B082F13366200C97685 /* AnimalEncounterScene.swift */; };
		67C26B0A2F13366200C97685 /* AnimalEncounterScene.swift in Sources */ = {isa = PBXBuildFile; fileRef = 67C26B082F13366200C97685 /* AnimalEncounterScene.swift */; };
		67C26B0B2F13366200C97685 /* AnimalEncounterScene.swift in Sources */ = {isa = PBXBuildFile; fileRef = 67C26B082F13366200C97685 /* AnimalEncounterScene.swift */; };
		67C26B112F133B4800C97685 /* GameScene.swift in Sources */ = {isa = PBXBuildFile; fileRef = 67C26B102F133B4800C97685 /* GameScene.swift */; };
		67C26B122F133B4800C97685 /* GameScene.swift in Sources */ = {isa = PBXBuildFile; fileRef = 67C26B102F133B4800C97685 /* GameScene.swift */; };
		67C26B132F133B4800C97685 /* GameScene.swift in Sources */ = {isa = PBXBuildFile; fileRef = 67C26B102F133B4800C97685 /* GameScene.swift */; };
		6E4CEF3DADD44F2786D69F76 /* DeltaPersistence.swift in Sources */ = {isa = PBXBuildFile; fileRef = 646D664F31444818B92D9ACA /* DeltaPersistence.swift */; };
		6E4CEF3DADD44F2786D69F77 /* DeltaPersistence.swift in Sources */ = {isa = PBXBuildFile; fileRef = 646D664F31444818B92D9ACA /* DeltaPersistence.swift */; };
		6E4CEF3DADD44F2786D69F78 /* DeltaPersistence.swift in Sources */ = {isa = PBXBuildFile; fileRef = 646D664F31444818B92D9ACA /* DeltaPersistence.swift */; };
		A1B2C3D4E5F6789012345679 /* WorldConfig.swift in Sources */ = {isa = PBXBuildFile; fileRef = A1B2C3D4E5F6789012345678 /* WorldConfig.swift */; };
		A1B2C3D4E5F6789012345680 /* WorldConfig.swift in Sources */ = {isa = PBXBuildFile; fileRef = A1B2C3D4E5F6789012345678 /* WorldConfig.swift */; };
		A1B2C3D4E5F6789012345681 /* WorldConfig.swift in Sources */ = {isa = PBXBuildFile; fileRef = A1B2C3D4E5F6789012345678 /* WorldConfig.swift */; };
		C7F26D3C851C490EB095A54F /* TMXInstanceLoader.swift in Sources */ = {isa = PBXBuildFile; fileRef = 2BF9D9322D964048891DEF18 /* TMXInstanceLoader.swift */; };
		C7F26D3C851C490EB095A550 /* TMXInstanceLoader.swift in Sources */ = {isa = PBXBuildFile; fileRef = 2BF9D9322D964048891DEF18 /* TMXInstanceLoader.swift */; };
		C7F26D3C851C490EB095A551 /* TMXInstanceLoader.swift in Sources */ = {isa = PBXBuildFile; fileRef = 2BF9D9322D964048891DEF18 /* TMXInstanceLoader.swift */; };
		D749461343E24F719F3AA3F5 /* PrefabFactory.swift in Sources */ = {isa = PBXBuildFile; fileRef = 6E4CEF3DADD44F2786D69F75 /* PrefabFactory.swift */; };
		D749461343E24F719F3AA3F6 /* PrefabFactory.swift in Sources */ = {isa = PBXBuildFile; fileRef = 6E4CEF3DADD44F2786D69F75 /* PrefabFactory.swift */; };
		D749461343E24F719F3AA3F7 /* PrefabFactory.swift in Sources */ = {isa = PBXBuildFile; fileRef = 6E4CEF3DADD44F2786D69F75 /* PrefabFactory.swift */; };
/* End PBXBuildFile section */

/* Begin PBXFileReference section */
		2BF9D9322D964048891DEF18 /* TMXInstanceLoader.swift */ = {isa = PBXFileReference; fileEncoding = 4; lastKnownFileType = sourcecode.swift; path = TMXInstanceLoader.swift; sourceTree = "<group>"; };
		646D664F31444818B92D9ACA /* DeltaPersistence.swift */ = {isa = PBXFileReference; fileEncoding = 4; lastKnownFileType = sourcecode.swift; path = DeltaPersistence.swift; sourceTree = "<group>"; };
		6753AA032F13920B00DF0F1E /* SpriteGenerationService.swift */ = {isa = PBXFileReference; fileEncoding = 4; lastKnownFileType = sourcecode.swift; path = SpriteGenerationService.swift; sourceTree = "<group>"; };
		6753AA072F145E7F00DF0F1E /* GameScene_iOS.swift */ = {isa = PBXFileReference; fileEncoding = 4; lastKnownFileType = sourcecode.swift; name = GameScene_iOS.swift; path = "FableForge Shared/GameScene_iOS.swift"; sourceTree = SOURCE_ROOT; };
		6753AA082F145E7F00DF0F1E /* GameScene_macOS.swift */ = {isa = PBXFileReference; fileEncoding = 4; lastKnownFileType = sourcecode.swift; name = GameScene_macOS.swift; path = "FableForge Shared/GameScene_macOS.swift"; sourceTree = SOURCE_ROOT; };
		6753AA0F2F18C23000DF0F1E /* Interior1.tmx */ = {isa = PBXFileReference; fileEncoding = 4; lastKnownFileType = text.xml; path = Interior1.tmx; sourceTree = "<group>"; };
		6753AA4C2F1DABAF00DF0F1E /* prefabs_desert.json */ = {isa = PBXFileReference; fileEncoding = 4; lastKnownFileType = text.json; path = prefabs_desert.json; sourceTree = "<group>"; };
		6753AA4D2F1DABAF00DF0F1E /* prefabs_grassland.json */ = {isa = PBXFileReference; fileEncoding = 4; lastKnownFileType = text.json; path = prefabs_grassland.json; sourceTree = "<group>"; };
		6753AA4F2F1DABAF00DF0F1E /* animals.json */ = {isa = PBXFileReference; fileEncoding = 4; lastKnownFileType = text.json; path = animals.json; sourceTree = "<group>"; };
		6753AA502F1DABAF00DF0F1E /* buildable_structures.json */ = {isa = PBXFileReference; fileEncoding = 4; lastKnownFileType = text.json; path = buildable_structures.json; sourceTree = "<group>"; };
		6753AA512F1DABAF00DF0F1E /* chests.json */ = {isa = PBXFileReference; fileEncoding = 4; lastKnownFileType = text.json; path = chests.json; sourceTree = "<group>"; };
		6753AA522F1DABAF00DF0F1E /* classes.json */ = {isa = PBXFileReference; fileEncoding = 4; lastKnownFileType = text.json; path = classes.json; sourceTree = "<group>"; };
		6753AA532F1DABAF00DF0F1E /* enemies.json */ = {isa = PBXFileReference; fileEncoding = 4; lastKnownFileType = text.json; path = enemies.json; sourceTree = "<group>"; };
		6753AA542F1DABAF00DF0F1E /* items.json */ = {isa = PBXFileReference; fileEncoding = 4; lastKnownFileType = text.json; path = items.json; sourceTree = "<group>"; };
		6753AA552F1DABAF00DF0F1E /* npcs.json */ = {isa = PBXFileReference; fileEncoding = 4; lastKnownFileType = text.json; path = npcs.json; sourceTree = "<group>"; };
		6753AA562F1DABAF00DF0F1E /* races.json */ = {isa = PBXFileReference; fileEncoding = 4; lastKnownFileType = text.json; path = races.json; sourceTree = "<group>"; };
		6753AA572F1DABAF00DF0F1E /* skills.json */ = {isa = PBXFileReference; fileEncoding = 4; lastKnownFileType = text.json; path = skills.json; sourceTree = "<group>"; };
		6753AA7A2F1DD0AF00DF0F1E /* BuildUI.swift */ = {isa = PBXFileReference; fileEncoding = 4; lastKnownFileType = sourcecode.swift; path = BuildUI.swift; sourceTree = "<group>"; };
		6753AA7E2F1EEEFD00DF0F1E /* TerrainAutotiling.swift */ = {isa = PBXFileReference; fileEncoding = 4; lastKnownFileType = sourcecode.swift; path = TerrainAutotiling.swift; sourceTree = "<group>"; };
		67571A6A2F1F777E00511067 /* water1.tsx */ = {isa = PBXFileReference; fileEncoding = 4; lastKnownFileType = sourcecode.typescript; name = water1.tsx; path = "FableForge Shared/Prefabs/Maps/TSX/water1.tsx"; sourceTree = SOURCE_ROOT; };
		67571A6B2F1F777E00511067 /* terrain1.tsx */ = {isa = PBXFileReference; fileEncoding = 4; lastKnownFileType = sourcecode.typescript; name = terrain1.tsx; path = "FableForge Shared/Prefabs/Maps/TSX/terrain1.tsx"; sourceTree = SOURCE_ROOT; };
		67571A722F206F3000511067 /* ChestUI.swift */ = {isa = PBXFileReference; fileEncoding = 4; lastKnownFileType = sourcecode.swift; name = ChestUI.swift; path = UI/ChestUI.swift; sourceTree = "<group>"; };
		67571A762F20953E00511067 /* outside_objects1.tsx */ = {isa = PBXFileReference; fileEncoding = 4; lastKnownFileType = sourcecode.typescript; name = outside_objects1.tsx; path = "FableForge Shared/Prefabs/Maps/TSX/outside_objects1.tsx"; sourceTree = SOURCE_ROOT; };
		67571A7A2F21952F00511067 /* GameScene_ObjectInteraction.swift */ = {isa = PBXFileReference; fileEncoding = 4; lastKnownFileType = sourcecode.swift; path = GameScene_ObjectInteraction.swift; sourceTree = "<group>"; };
		67571A7B2F21952F00511067 /* GameScene_Collision.swift */ = {isa = PBXFileReference; fileEncoding = 4; lastKnownFileType = sourcecode.swift; path = GameScene_Collision.swift; sourceTree = "<group>"; };
		67571A7C2F21952F00511067 /* GameScene_LoadingScreen.swift */ = {isa = PBXFileReference; fileEncoding = 4; lastKnownFileType = sourcecode.swift; path = GameScene_LoadingScreen.swift; sourceTree = "<group>"; };
		67571A7D2F21952F00511067 /* GameScene_EntityManagement.swift */ = {isa = PBXFileReference; fileEncoding = 4; lastKnownFileType = sourcecode.swift; path = GameScene_EntityManagement.swift; sourceTree = "<group>"; };
		67571A7E2F21952F00511067 /* GameScene_PlayerMovement.swift */ = {isa = PBXFileReference; fileEncoding = 4; lastKnownFileType = sourcecode.swift; path = GameScene_PlayerMovement.swift; sourceTree = "<group>"; };
		67571A7F2F21952F00511067 /* GameScene_Building.swift */ = {isa = PBXFileReference; fileEncoding = 4; lastKnownFileType = sourcecode.swift; path = GameScene_Building.swift; sourceTree = "<group>"; };
		67571A802F21952F00511067 /* GameScene_Inventory.swift */ = {isa = PBXFileReference; fileEncoding = 4; lastKnownFileType = sourcecode.swift; path = GameScene_Inventory.swift; sourceTree = "<group>"; };
		67571A812F21952F00511067 /* GameScene_Camera.swift */ = {isa = PBXFileReference; fileEncoding = 4; lastKnownFileType = sourcecode.swift; path = GameScene_Camera.swift; sourceTree = "<group>"; };
		67571A822F21952F00511067 /* GameScene_WorldRendering.swift */ = {isa = PBXFileReference; fileEncoding = 4; lastKnownFileType = sourcecode.swift; path = GameScene_WorldRendering.swift; sourceTree = "<group>"; };
		67571A9E2F2305DC00511067 /* GameScene_EntitySpawning.swift */ = {isa = PBXFileReference; fileEncoding = 4; lastKnownFileType = sourcecode.swift; path = GameScene_EntitySpawning.swift; sourceTree = "<group>"; };
		67C26A672F1334C200C97685 /* Actions.sks */ = {isa = PBXFileReference; lastKnownFileType = file.sks; path = Actions.sks; sourceTree = "<group>"; };
		67C26A6A2F1334C400C97685 /* Assets.xcassets */ = {isa = PBXFileReference; lastKnownFileType = folder.assetcatalog; path = Assets.xcassets; sourceTree = "<group>"; };
		67C26A6F2F1334C400C97685 /* FableForge.app */ = {isa = PBXFileReference; explicitFileType = wrapper.application; includeInIndex = 0; path = FableForge.app; sourceTree = BUILT_PRODUCTS_DIR; };
		67C26A722F1334C400C97685 /* AppDelegate.swift */ = {isa = PBXFileReference; lastKnownFileType = sourcecode.swift; path = AppDelegate.swift; sourceTree = "<group>"; };
		67C26A742F1334C400C97685 /* GameViewController.swift */ = {isa = PBXFileReference; lastKnownFileType = sourcecode.swift; path = GameViewController.swift; sourceTree = "<group>"; };
		67C26A772F1334C400C97685 /* Base */ = {isa = PBXFileReference; lastKnownFileType = file.storyboard; name = Base; path = Base.lproj/Main.storyboard; sourceTree = "<group>"; };
		67C26A7A2F1334C400C97685 /* Base */ = {isa = PBXFileReference; lastKnownFileType = file.storyboard; name = Base; path = Base.lproj/LaunchScreen.storyboard; sourceTree = "<group>"; };
		67C26A802F1334C500C97685 /* FableForge.app */ = {isa = PBXFileReference; explicitFileType = wrapper.application; includeInIndex = 0; path = FableForge.app; sourceTree = BUILT_PRODUCTS_DIR; };
		67C26A822F1334C500C97685 /* AppDelegate.swift */ = {isa = PBXFileReference; lastKnownFileType = sourcecode.swift; path = AppDelegate.swift; sourceTree = "<group>"; };
		67C26A842F1334C500C97685 /* GameViewController.swift */ = {isa = PBXFileReference; lastKnownFileType = sourcecode.swift; path = GameViewController.swift; sourceTree = "<group>"; };
		67C26A872F1334C500C97685 /* Base */ = {isa = PBXFileReference; lastKnownFileType = file.storyboard; name = Base; path = Base.lproj/Main.storyboard; sourceTree = "<group>"; };
		67C26A8A2F1334C500C97685 /* Base */ = {isa = PBXFileReference; lastKnownFileType = file.storyboard; name = Base; path = Base.lproj/LaunchScreen.storyboard; sourceTree = "<group>"; };
		67C26A902F1334C500C97685 /* FableForge.app */ = {isa = PBXFileReference; explicitFileType = wrapper.application; includeInIndex = 0; path = FableForge.app; sourceTree = BUILT_PRODUCTS_DIR; };
		67C26A922F1334C500C97685 /* AppDelegate.swift */ = {isa = PBXFileReference; lastKnownFileType = sourcecode.swift; path = AppDelegate.swift; sourceTree = "<group>"; };
		67C26A942F1334C500C97685 /* GameViewController.swift */ = {isa = PBXFileReference; lastKnownFileType = sourcecode.swift; path = GameViewController.swift; sourceTree = "<group>"; };
		67C26A972F1334C500C97685 /* Base */ = {isa = PBXFileReference; lastKnownFileType = file.storyboard; name = Base; path = Base.lproj/Main.storyboard; sourceTree = "<group>"; };
		67C26A992F1334C500C97685 /* FableForge_macOS.entitlements */ = {isa = PBXFileReference; lastKnownFileType = text.plist.entitlements; path = FableForge_macOS.entitlements; sourceTree = "<group>"; };
		67C26AB42F1335B700C97685 /* Character.swift */ = {isa = PBXFileReference; fileEncoding = 4; lastKnownFileType = sourcecode.swift; path = Character.swift; sourceTree = "<group>"; };
		67C26AB52F1335B700C97685 /* Structure.swift */ = {isa = PBXFileReference; fileEncoding = 4; lastKnownFileType = sourcecode.swift; path = Structure.swift; sourceTree = "<group>"; };
		67C26AB62F1335B700C97685 /* Player.swift */ = {isa = PBXFileReference; fileEncoding = 4; lastKnownFileType = sourcecode.swift; path = Player.swift; sourceTree = "<group>"; };
		67C26AB72F1335B700C97685 /* Item.swift */ = {isa = PBXFileReference; fileEncoding = 4; lastKnownFileType = sourcecode.swift; path = Item.swift; sourceTree = "<group>"; };
		67C26AB82F1335B700C97685 /* Animal.swift */ = {isa = PBXFileReference; fileEncoding = 4; lastKnownFileType = sourcecode.swift; path = Animal.swift; sourceTree = "<group>"; };
		67C26AC82F1335CD00C97685 /* TileManager.swift */ = {isa = PBXFileReference; fileEncoding = 4; lastKnownFileType = sourcecode.swift; path = TileManager.swift; sourceTree = "<group>"; };
		67C26AC92F1335CD00C97685 /* SaveManager.swift */ = {isa = PBXFileReference; fileEncoding = 4; lastKnownFileType = sourcecode.swift; path = SaveManager.swift; sourceTree = "<group>"; };
		67C26ACA2F1335CD00C97685 /* DialogueSystem.swift */ = {isa = PBXFileReference; fileEncoding = 4; lastKnownFileType = sourcecode.swift; path = DialogueSystem.swift; sourceTree = "<group>"; };
		67C26ACB2F1335CD00C97685 /* CombatSystem.swift */ = {isa = PBXFileReference; fileEncoding = 4; lastKnownFileType = sourcecode.swift; path = CombatSystem.swift; sourceTree = "<group>"; };
		67C26ACC2F1335CD00C97685 /* WorldSystem.swift */ = {isa = PBXFileReference; fileEncoding = 4; lastKnownFileType = sourcecode.swift; path = WorldSystem.swift; sourceTree = "<group>"; };
		67C26ACD2F1335CD00C97685 /* TiledMapParser.swift */ = {isa = PBXFileReference; fileEncoding = 4; lastKnownFileType = sourcecode.swift; path = TiledMapParser.swift; sourceTree = "<group>"; };
		67C26ACE2F1335CD00C97685 /* GameState.swift */ = {isa = PBXFileReference; fileEncoding = 4; lastKnownFileType = sourcecode.swift; path = GameState.swift; sourceTree = "<group>"; };
		67C26AE42F1335D700C97685 /* MenuStyling.swift */ = {isa = PBXFileReference; fileEncoding = 4; lastKnownFileType = sourcecode.swift; path = MenuStyling.swift; sourceTree = "<group>"; };
		67C26AE52F1335D700C97685 /* CombatUI.swift */ = {isa = PBXFileReference; fileEncoding = 4; lastKnownFileType = sourcecode.swift; path = CombatUI.swift; sourceTree = "<group>"; };
		67C26AE62F1335D700C97685 /* GameUI.swift */ = {isa = PBXFileReference; fileEncoding = 4; lastKnownFileType = sourcecode.swift; path = GameUI.swift; sourceTree = "<group>"; };
		67C26AF12F1335D700C97685 /* CharacterUI.swift */ = {isa = PBXFileReference; fileEncoding = 4; lastKnownFileType = sourcecode.swift; path = CharacterUI.swift; sourceTree = "<group>"; };
		67C26AF42F13363700C97685 /* StartScreenScene.swift */ = {isa = PBXFileReference; fileEncoding = 4; lastKnownFileType = sourcecode.swift; path = StartScreenScene.swift; sourceTree = "<group>"; };
		67C26AFC2F13365500C97685 /* Exterior.tmx */ = {isa = PBXFileReference; fileEncoding = 4; lastKnownFileType = text.xml; path = Exterior.tmx; sourceTree = "<group>"; };
		67C26B002F13365B00C97685 /* CombatScene.swift */ = {isa = PBXFileReference; fileEncoding = 4; lastKnownFileType = sourcecode.swift; path = CombatScene.swift; sourceTree = "<group>"; };
		67C26B042F13365E00C97685 /* CharacterCreationScene.swift */ = {isa = PBXFileReference; fileEncoding = 4; lastKnownFileType = sourcecode.swift; path = CharacterCreationScene.swift; sourceTree = "<group>"; };
		67C26B082F13366200C97685 /* AnimalEncounterScene.swift */ = {isa = PBXFileReference; fileEncoding = 4; lastKnownFileType = sourcecode.swift; path = AnimalEncounterScene.swift; sourceTree = "<group>"; };
		67C26B102F133B4800C97685 /* GameScene.swift */ = {isa = PBXFileReference; fileEncoding = 4; lastKnownFileType = sourcecode.swift; path = GameScene.swift; sourceTree = "<group>"; };
		6E4CEF3DADD44F2786D69F75 /* PrefabFactory.swift */ = {isa = PBXFileReference; fileEncoding = 4; lastKnownFileType = sourcecode.swift; path = PrefabFactory.swift; sourceTree = "<group>"; };
		A1B2C3D4E5F6789012345678 /* WorldConfig.swift */ = {isa = PBXFileReference; fileEncoding = 4; lastKnownFileType = sourcecode.swift; path = WorldConfig.swift; sourceTree = "<group>"; };
		C7F26D3C851C490EB095A54E /* ChunkSystem.swift */ = {isa = PBXFileReference; fileEncoding = 4; lastKnownFileType = sourcecode.swift; path = ChunkSystem.swift; sourceTree = "<group>"; };
		D749461343E24F719F3AA3F4 /* WorldGenerator.swift */ = {isa = PBXFileReference; fileEncoding = 4; lastKnownFileType = sourcecode.swift; path = WorldGenerator.swift; sourceTree = "<group>"; };
/* End PBXFileReference section */

/* Begin PBXFrameworksBuildPhase section */
		67C26A6C2F1334C400C97685 /* Frameworks */ = {
			isa = PBXFrameworksBuildPhase;
			buildActionMask = 2147483647;
			files = (
			);
			runOnlyForDeploymentPostprocessing = 0;
		};
		67C26A7D2F1334C500C97685 /* Frameworks */ = {
			isa = PBXFrameworksBuildPhase;
			buildActionMask = 2147483647;
			files = (
			);
			runOnlyForDeploymentPostprocessing = 0;
		};
		67C26A8D2F1334C500C97685 /* Frameworks */ = {
			isa = PBXFrameworksBuildPhase;
			buildActionMask = 2147483647;
			files = (
			);
			runOnlyForDeploymentPostprocessing = 0;
		};
/* End PBXFrameworksBuildPhase section */

/* Begin PBXGroup section */
		6753AA4E2F1DABAF00DF0F1E /* Maps */ = {
			isa = PBXGroup;
			children = (
				67571A612F1F742C00511067 /* TSX */,
				67571A602F1F742400511067 /* TMX */,
				6753AA4C2F1DABAF00DF0F1E /* prefabs_desert.json */,
				6753AA4D2F1DABAF00DF0F1E /* prefabs_grassland.json */,
			);
			path = Maps;
			sourceTree = "<group>";
		};
		6753AA582F1DABAF00DF0F1E /* Prefabs */ = {
			isa = PBXGroup;
			children = (
				6753AA4E2F1DABAF00DF0F1E /* Maps */,
				6753AA4F2F1DABAF00DF0F1E /* animals.json */,
				6753AA502F1DABAF00DF0F1E /* buildable_structures.json */,
				6753AA512F1DABAF00DF0F1E /* chests.json */,
				6753AA522F1DABAF00DF0F1E /* classes.json */,
				6753AA532F1DABAF00DF0F1E /* enemies.json */,
				6753AA542F1DABAF00DF0F1E /* items.json */,
				6753AA552F1DABAF00DF0F1E /* npcs.json */,
				6753AA562F1DABAF00DF0F1E /* races.json */,
				6753AA572F1DABAF00DF0F1E /* skills.json */,
			);
			path = Prefabs;
			sourceTree = "<group>";
		};
		67571A602F1F742400511067 /* TMX */ = {
			isa = PBXGroup;
			children = (
				67C26AFC2F13365500C97685 /* Exterior.tmx */,
				6753AA0F2F18C23000DF0F1E /* Interior1.tmx */,
			);
			path = TMX;
			sourceTree = "<group>";
		};
		67571A612F1F742C00511067 /* TSX */ = {
			isa = PBXGroup;
			children = (
				67571A6B2F1F777E00511067 /* terrain1.tsx */,
				67571A762F20953E00511067 /* outside_objects1.tsx */,
				67571A6A2F1F777E00511067 /* water1.tsx */,
			);
			path = TSX;
			sourceTree = "<group>";
		};
		67C26A612F1334C200C97685 = {
			isa = PBXGroup;
			children = (
				67C26A662F1334C200C97685 /* FableForge Shared */,
				67C26A712F1334C400C97685 /* FableForge iOS */,
				67C26A812F1334C500C97685 /* FableForge tvOS */,
				67C26A912F1334C500C97685 /* FableForge macOS */,
				67C26A702F1334C400C97685 /* Products */,
			);
			sourceTree = "<group>";
		};
		67C26A662F1334C200C97685 /* FableForge Shared */ = {
			isa = PBXGroup;
			children = (
				6753AA582F1DABAF00DF0F1E /* Prefabs */,
				67C26AB12F13353A00C97685 /* Models */,
				67C26AB22F13356100C97685 /* Systems */,
				67C26AB32F13356900C97685 /* UI */,
				67C26A672F1334C200C97685 /* Actions.sks */,
				67C26B102F133B4800C97685 /* GameScene.swift */,
				67571A7F2F21952F00511067 /* GameScene_Building.swift */,
				67571A812F21952F00511067 /* GameScene_Camera.swift */,
				67571A7B2F21952F00511067 /* GameScene_Collision.swift */,
				67571A9E2F2305DC00511067 /* GameScene_EntitySpawning.swift */,
				67571A7D2F21952F00511067 /* GameScene_EntityManagement.swift */,
				67571A802F21952F00511067 /* GameScene_Inventory.swift */,
				67571A7C2F21952F00511067 /* GameScene_LoadingScreen.swift */,
				67571A7A2F21952F00511067 /* GameScene_ObjectInteraction.swift */,
				67571A7E2F21952F00511067 /* GameScene_PlayerMovement.swift */,
				67571A822F21952F00511067 /* GameScene_WorldRendering.swift */,
				67C26B002F13365B00C97685 /* CombatScene.swift */,
				67C26B042F13365E00C97685 /* CharacterCreationScene.swift */,
				67571A722F206F3000511067 /* ChestUI.swift */,
				67C26B082F13366200C97685 /* AnimalEncounterScene.swift */,
				6753AA072F145E7F00DF0F1E /* GameScene_iOS.swift */,
				6753AA082F145E7F00DF0F1E /* GameScene_macOS.swift */,
				67C26AF42F13363700C97685 /* StartScreenScene.swift */,
				67C26A6A2F1334C400C97685 /* Assets.xcassets */,
			);
			path = "FableForge Shared";
			sourceTree = "<group>";
		};
		67C26A702F1334C400C97685 /* Products */ = {
			isa = PBXGroup;
			children = (
				67C26A6F2F1334C400C97685 /* FableForge.app */,
				67C26A802F1334C500C97685 /* FableForge.app */,
				67C26A902F1334C500C97685 /* FableForge.app */,
			);
			name = Products;
			sourceTree = "<group>";
		};
		67C26A712F1334C400C97685 /* FableForge iOS */ = {
			isa = PBXGroup;
			children = (
				67C26A722F1334C400C97685 /* AppDelegate.swift */,
				67C26A742F1334C400C97685 /* GameViewController.swift */,
				67C26A762F1334C400C97685 /* Main.storyboard */,
				67C26A792F1334C400C97685 /* LaunchScreen.storyboard */,
			);
			path = "FableForge iOS";
			sourceTree = "<group>";
		};
		67C26A812F1334C500C97685 /* FableForge tvOS */ = {
			isa = PBXGroup;
			children = (
				67C26A822F1334C500C97685 /* AppDelegate.swift */,
				67C26A842F1334C500C97685 /* GameViewController.swift */,
				67C26A862F1334C500C97685 /* Main.storyboard */,
				67C26A892F1334C500C97685 /* LaunchScreen.storyboard */,
			);
			path = "FableForge tvOS";
			sourceTree = "<group>";
		};
		67C26A912F1334C500C97685 /* FableForge macOS */ = {
			isa = PBXGroup;
			children = (
				67C26A922F1334C500C97685 /* AppDelegate.swift */,
				67C26A942F1334C500C97685 /* GameViewController.swift */,
				67C26A962F1334C500C97685 /* Main.storyboard */,
				67C26A992F1334C500C97685 /* FableForge_macOS.entitlements */,
			);
			path = "FableForge macOS";
			sourceTree = "<group>";
		};
		67C26AB12F13353A00C97685 /* Models */ = {
			isa = PBXGroup;
			children = (
				67C26AB82F1335B700C97685 /* Animal.swift */,
				67C26AB42F1335B700C97685 /* Character.swift */,
				67C26AB72F1335B700C97685 /* Item.swift */,
				67C26AB62F1335B700C97685 /* Player.swift */,
				67C26AB52F1335B700C97685 /* Structure.swift */,
			);
			path = Models;
			sourceTree = "<group>";
		};
		67C26AB22F13356100C97685 /* Systems */ = {
			isa = PBXGroup;
			children = (
				67C26ACB2F1335CD00C97685 /* CombatSystem.swift */,
				67C26ACA2F1335CD00C97685 /* DialogueSystem.swift */,
				67C26ACE2F1335CD00C97685 /* GameState.swift */,
				67C26AC92F1335CD00C97685 /* SaveManager.swift */,
				6753AA7E2F1EEEFD00DF0F1E /* TerrainAutotiling.swift */,
				6753AA032F13920B00DF0F1E /* SpriteGenerationService.swift */,
				67C26ACD2F1335CD00C97685 /* TiledMapParser.swift */,
				67C26AC82F1335CD00C97685 /* TileManager.swift */,
				67C26ACC2F1335CD00C97685 /* WorldSystem.swift */,
				C7F26D3C851C490EB095A54E /* ChunkSystem.swift */,
				D749461343E24F719F3AA3F4 /* WorldGenerator.swift */,
				6E4CEF3DADD44F2786D69F75 /* PrefabFactory.swift */,
				646D664F31444818B92D9ACA /* DeltaPersistence.swift */,
				2BF9D9322D964048891DEF18 /* TMXInstanceLoader.swift */,
				A1B2C3D4E5F6789012345678 /* WorldConfig.swift */,
			);
			path = Systems;
			sourceTree = "<group>";
		};
		67C26AB32F13356900C97685 /* UI */ = {
			isa = PBXGroup;
			children = (
				6753AA7A2F1DD0AF00DF0F1E /* BuildUI.swift */,
				67C26AE52F1335D700C97685 /* CombatUI.swift */,
				67C26AE62F1335D700C97685 /* GameUI.swift */,
				67C26AF12F1335D700C97685 /* CharacterUI.swift */,
				67C26AE42F1335D700C97685 /* MenuStyling.swift */,
			);
			path = UI;
			sourceTree = "<group>";
		};
/* End PBXGroup section */

/* Begin PBXNativeTarget section */
		67C26A6E2F1334C400C97685 /* FableForge iOS */ = {
			isa = PBXNativeTarget;
			buildConfigurationList = 67C26AA82F1334C500C97685 /* Build configuration list for PBXNativeTarget "FableForge iOS" */;
			buildPhases = (
				67C26A6B2F1334C400C97685 /* Sources */,
				67C26A6C2F1334C400C97685 /* Frameworks */,
				67C26A6D2F1334C400C97685 /* Resources */,
			);
			buildRules = (
			);
			dependencies = (
			);
			name = "FableForge iOS";
			productName = "FableForge iOS";
			productReference = 67C26A6F2F1334C400C97685 /* FableForge.app */;
			productType = "com.apple.product-type.application";
		};
		67C26A7F2F1334C500C97685 /* FableForge tvOS */ = {
			isa = PBXNativeTarget;
			buildConfigurationList = 67C26AAB2F1334C500C97685 /* Build configuration list for PBXNativeTarget "FableForge tvOS" */;
			buildPhases = (
				67C26A7C2F1334C500C97685 /* Sources */,
				67C26A7D2F1334C500C97685 /* Frameworks */,
				67C26A7E2F1334C500C97685 /* Resources */,
			);
			buildRules = (
			);
			dependencies = (
			);
			name = "FableForge tvOS";
			productName = "FableForge tvOS";
			productReference = 67C26A802F1334C500C97685 /* FableForge.app */;
			productType = "com.apple.product-type.application";
		};
		67C26A8F2F1334C500C97685 /* FableForge macOS */ = {
			isa = PBXNativeTarget;
			buildConfigurationList = 67C26AAE2F1334C500C97685 /* Build configuration list for PBXNativeTarget "FableForge macOS" */;
			buildPhases = (
				67C26A8C2F1334C500C97685 /* Sources */,
				67C26A8D2F1334C500C97685 /* Frameworks */,
				67C26A8E2F1334C500C97685 /* Resources */,
			);
			buildRules = (
			);
			dependencies = (
			);
			name = "FableForge macOS";
			productName = "FableForge macOS";
			productReference = 67C26A902F1334C500C97685 /* FableForge.app */;
			productType = "com.apple.product-type.application";
		};
/* End PBXNativeTarget section */

/* Begin PBXProject section */
		67C26A622F1334C200C97685 /* Project object */ = {
			isa = PBXProject;
			attributes = {
				BuildIndependentTargetsInParallel = 1;
				LastSwiftUpdateCheck = 1530;
				LastUpgradeCheck = 1530;
				TargetAttributes = {
					67C26A6E2F1334C400C97685 = {
						CreatedOnToolsVersion = 15.3;
					};
					67C26A7F2F1334C500C97685 = {
						CreatedOnToolsVersion = 15.3;
					};
					67C26A8F2F1334C500C97685 = {
						CreatedOnToolsVersion = 15.3;
					};
				};
			};
			buildConfigurationList = 67C26A652F1334C200C97685 /* Build configuration list for PBXProject "FableForge" */;
			compatibilityVersion = "Xcode 14.0";
			developmentRegion = en;
			hasScannedForEncodings = 0;
			knownRegions = (
				en,
				Base,
			);
			mainGroup = 67C26A612F1334C200C97685;
			productRefGroup = 67C26A702F1334C400C97685 /* Products */;
			projectDirPath = "";
			projectRoot = "";
			targets = (
				67C26A6E2F1334C400C97685 /* FableForge iOS */,
				67C26A7F2F1334C500C97685 /* FableForge tvOS */,
				67C26A8F2F1334C500C97685 /* FableForge macOS */,
			);
		};
/* End PBXProject section */

/* Begin PBXResourcesBuildPhase section */
		67C26A6D2F1334C400C97685 /* Resources */ = {
			isa = PBXResourcesBuildPhase;
			buildActionMask = 2147483647;
			files = (
				67571A792F20957300511067 /* outside_objects1.tsx in Resources */,
				67571A6C2F1F788000511067 /* terrain1.tsx in Resources */,
				67571A6D2F1F788000511067 /* water1.tsx in Resources */,
				6753AA622F1DABAF00DF0F1E /* races.json in Resources */,
				67C26A782F1334C400C97685 /* Base in Resources */,
				6753AA592F1DABAF00DF0F1E /* prefabs_desert.json in Resources */,
				6753AA602F1DABAF00DF0F1E /* items.json in Resources */,
				6753AA5E2F1DABAF00DF0F1E /* classes.json in Resources */,
				67C26AFD2F13365500C97685 /* Exterior.tmx in Resources */,
				6753AA5D2F1DABAF00DF0F1E /* chests.json in Resources */,
				6753AA612F1DABAF00DF0F1E /* npcs.json in Resources */,
				67C26A9A2F1334C500C97685 /* Actions.sks in Resources */,
				6753AA632F1DABAF00DF0F1E /* skills.json in Resources */,
				67C26A7B2F1334C400C97685 /* Base in Resources */,
				67C26AA32F1334C500C97685 /* Assets.xcassets in Resources */,
				6753AA5C2F1DABAF00DF0F1E /* buildable_structures.json in Resources */,
				6753AA5F2F1DABAF00DF0F1E /* enemies.json in Resources */,
				6753AA5B2F1DABAF00DF0F1E /* animals.json in Resources */,
				6753AA102F18C23000DF0F1E /* Interior1.tmx in Resources */,
				6753AA5A2F1DABAF00DF0F1E /* prefabs_grassland.json in Resources */,
			);
			runOnlyForDeploymentPostprocessing = 0;
		};
		67C26A7E2F1334C500C97685 /* Resources */ = {
			isa = PBXResourcesBuildPhase;
			buildActionMask = 2147483647;
			files = (
				67571A782F20956E00511067 /* outside_objects1.tsx in Resources */,
				67571A6E2F1F788F00511067 /* terrain1.tsx in Resources */,
				67571A6F2F1F788F00511067 /* water1.tsx in Resources */,
				67C26A882F1334C500C97685 /* Base in Resources */,
				67C26AFE2F13365500C97685 /* Exterior.tmx in Resources */,
				67C26A9B2F1334C500C97685 /* Actions.sks in Resources */,
				6753AA762F1DAE4200DF0F1E /* prefabs_desert.json in Resources */,
				6753AA772F1DAE4200DF0F1E /* prefabs_grassland.json in Resources */,
				6753AA642F1DAE3C00DF0F1E /* items.json in Resources */,
				6753AA652F1DAE3C00DF0F1E /* enemies.json in Resources */,
				6753AA662F1DAE3C00DF0F1E /* npcs.json in Resources */,
				6753AA672F1DAE3C00DF0F1E /* buildable_structures.json in Resources */,
				6753AA682F1DAE3C00DF0F1E /* animals.json in Resources */,
				6753AA692F1DAE3C00DF0F1E /* chests.json in Resources */,
				6753AA6A2F1DAE3C00DF0F1E /* races.json in Resources */,
				6753AA6B2F1DAE3C00DF0F1E /* classes.json in Resources */,
				6753AA6C2F1DAE3C00DF0F1E /* skills.json in Resources */,
				67C26A8B2F1334C500C97685 /* Base in Resources */,
				67C26AA42F1334C500C97685 /* Assets.xcassets in Resources */,
				6753AA112F18C23000DF0F1E /* Interior1.tmx in Resources */,
			);
			runOnlyForDeploymentPostprocessing = 0;
		};
		67C26A8E2F1334C500C97685 /* Resources */ = {
			isa = PBXResourcesBuildPhase;
			buildActionMask = 2147483647;
			files = (
				67571A772F20956300511067 /* outside_objects1.tsx in Resources */,
				67571A702F1F789A00511067 /* terrain1.tsx in Resources */,
				67571A712F1F789A00511067 /* water1.tsx in Resources */,
				67C26A982F1334C500C97685 /* Base in Resources */,
				6753AA122F18C23000DF0F1E /* Interior1.tmx in Resources */,
				67C26AFF2F13365500C97685 /* Exterior.tmx in Resources */,
				67C26AA52F1334C500C97685 /* Assets.xcassets in Resources */,
				6753AA6D2F1DAE3C00DF0F1E /* items.json in Resources */,
				6753AA6E2F1DAE3C00DF0F1E /* enemies.json in Resources */,
				6753AA6F2F1DAE3C00DF0F1E /* npcs.json in Resources */,
				6753AA702F1DAE3C00DF0F1E /* buildable_structures.json in Resources */,
				6753AA712F1DAE3C00DF0F1E /* animals.json in Resources */,
				6753AA722F1DAE3C00DF0F1E /* chests.json in Resources */,
				6753AA782F1DAE4200DF0F1E /* prefabs_desert.json in Resources */,
				6753AA792F1DAE4200DF0F1E /* prefabs_grassland.json in Resources */,
				6753AA732F1DAE3C00DF0F1E /* races.json in Resources */,
				6753AA742F1DAE3C00DF0F1E /* classes.json in Resources */,
				6753AA752F1DAE3C00DF0F1E /* skills.json in Resources */,
				67C26A9C2F1334C500C97685 /* Actions.sks in Resources */,
			);
			runOnlyForDeploymentPostprocessing = 0;
		};
/* End PBXResourcesBuildPhase section */

/* Begin PBXSourcesBuildPhase section */
		67C26A6B2F1334C400C97685 /* Sources */ = {
			isa = PBXSourcesBuildPhase;
			buildActionMask = 2147483647;
			files = (
				67C26ADE2F1335CD00C97685 /* TiledMapParser.swift in Sources */,
				67C26AD82F1335CD00C97685 /* CombatSystem.swift in Sources */,
				67C26ACF2F1335CD00C97685 /* TileManager.swift in Sources */,
				67C26AC52F1335B700C97685 /* Animal.swift in Sources */,
				67C26A752F1334C400C97685 /* GameViewController.swift in Sources */,
				67571A982F21952F00511067 /* GameScene_Camera.swift in Sources */,
				67571A9B2F21952F00511067 /* GameScene_WorldRendering.swift in Sources */,
				67C26AD22F1335CD00C97685 /* SaveManager.swift in Sources */,
				67571A732F206F3000511067 /* ChestUI.swift in Sources */,
				6753AA042F13920B00DF0F1E /* SpriteGenerationService.swift in Sources */,
				67C26AED2F1335D700C97685 /* GameUI.swift in Sources */,
				67571A862F21952F00511067 /* GameScene_Collision.swift in Sources */,
				67C26AF02F1335D700C97685 /* CharacterUI.swift in Sources */,
				6753AA092F145E8000DF0F1E /* GameScene_iOS.swift in Sources */,
				67C26B092F13366200C97685 /* AnimalEncounterScene.swift in Sources */,
				67C26B012F13365B00C97685 /* CombatScene.swift in Sources */,
				67C26AEA2F1335D700C97685 /* CombatUI.swift in Sources */,
				6753AA0C2F145E8000DF0F1E /* GameScene_macOS.swift in Sources */,
				67C26ABC2F1335B700C97685 /* Structure.swift in Sources */,
				67C26A732F1334C400C97685 /* AppDelegate.swift in Sources */,
				6753AA7B2F1DD0AF00DF0F1E /* BuildUI.swift in Sources */,
				67571A832F21952F00511067 /* GameScene_ObjectInteraction.swift in Sources */,
				67C26ADB2F1335CD00C97685 /* WorldSystem.swift in Sources */,
				67C26AC22F1335B700C97685 /* Item.swift in Sources */,
				67C26AE72F1335D700C97685 /* MenuStyling.swift in Sources */,
				67C26ABF2F1335B700C97685 /* Player.swift in Sources */,
				67571A8F2F21952F00511067 /* GameScene_PlayerMovement.swift in Sources */,
				67571A952F21952F00511067 /* GameScene_Inventory.swift in Sources */,
				67C26B112F133B4800C97685 /* GameScene.swift in Sources */,
				67C26AF52F13363700C97685 /* StartScreenScene.swift in Sources */,
				67C26B052F13365E00C97685 /* CharacterCreationScene.swift in Sources */,
				67571A892F21952F00511067 /* GameScene_LoadingScreen.swift in Sources */,
				67571A8C2F21952F00511067 /* GameScene_EntityManagement.swift in Sources */,
				67C26AE12F1335CD00C97685 /* GameState.swift in Sources */,
				67C26AB92F1335B700C97685 /* Character.swift in Sources */,
				67C26AD52F1335CD00C97685 /* DialogueSystem.swift in Sources */,
				67571A922F21952F00511067 /* GameScene_Building.swift in Sources */,
				646D664F31444818B92D9AC9 /* ChunkSystem.swift in Sources */,
				2BF9D9322D964048891DEF15 /* WorldGenerator.swift in Sources */,
				D749461343E24F719F3AA3F5 /* PrefabFactory.swift in Sources */,
				6E4CEF3DADD44F2786D69F76 /* DeltaPersistence.swift in Sources */,
				67571A9F2F2305DC00511067 /* GameScene_EntitySpawning.swift in Sources */,
				C7F26D3C851C490EB095A54F /* TMXInstanceLoader.swift in Sources */,
				A1B2C3D4E5F6789012345679 /* WorldConfig.swift in Sources */,
				6753AA7F2F1EEEFD00DF0F1E /* TerrainAutotiling.swift in Sources */,
			);
			runOnlyForDeploymentPostprocessing = 0;
		};
		67C26A7C2F1334C500C97685 /* Sources */ = {
			isa = PBXSourcesBuildPhase;
			buildActionMask = 2147483647;
			files = (
				67C26ADF2F1335CD00C97685 /* TiledMapParser.swift in Sources */,
				67C26AD92F1335CD00C97685 /* CombatSystem.swift in Sources */,
				67C26AD02F1335CD00C97685 /* TileManager.swift in Sources */,
				67C26AC62F1335B700C97685 /* Animal.swift in Sources */,
				67C26A852F1334C500C97685 /* GameViewController.swift in Sources */,
				67571A992F21952F00511067 /* GameScene_Camera.swift in Sources */,
				67571A9C2F21952F00511067 /* GameScene_WorldRendering.swift in Sources */,
				67C26AD32F1335CD00C97685 /* SaveManager.swift in Sources */,
				67571A742F206F3000511067 /* ChestUI.swift in Sources */,
				6753AA052F13920B00DF0F1E /* SpriteGenerationService.swift in Sources */,
				67C26AEE2F1335D700C97685 /* GameUI.swift in Sources */,
				67571A872F21952F00511067 /* GameScene_Collision.swift in Sources */,
				67C26AF32F1335D700C97685 /* CharacterUI.swift in Sources */,
				6753AA0A2F145E8000DF0F1E /* GameScene_iOS.swift in Sources */,
				67C26B0A2F13366200C97685 /* AnimalEncounterScene.swift in Sources */,
				67C26B022F13365B00C97685 /* CombatScene.swift in Sources */,
				67C26AEB2F1335D700C97685 /* CombatUI.swift in Sources */,
				6753AA0D2F145E8000DF0F1E /* GameScene_macOS.swift in Sources */,
				67C26ABD2F1335B700C97685 /* Structure.swift in Sources */,
				67C26A832F1334C500C97685 /* AppDelegate.swift in Sources */,
				6753AA7C2F1DD0AF00DF0F1E /* BuildUI.swift in Sources */,
				67571A842F21952F00511067 /* GameScene_ObjectInteraction.swift in Sources */,
				67C26ADC2F1335CD00C97685 /* WorldSystem.swift in Sources */,
				67C26AC32F1335B700C97685 /* Item.swift in Sources */,
				67C26AE82F1335D700C97685 /* MenuStyling.swift in Sources */,
				67C26AC02F1335B700C97685 /* Player.swift in Sources */,
				67571A902F21952F00511067 /* GameScene_PlayerMovement.swift in Sources */,
				67571A962F21952F00511067 /* GameScene_Inventory.swift in Sources */,
				67C26B122F133B4800C97685 /* GameScene.swift in Sources */,
				67C26AF62F13363700C97685 /* StartScreenScene.swift in Sources */,
				67C26B062F13365E00C97685 /* CharacterCreationScene.swift in Sources */,
				67571A8A2F21952F00511067 /* GameScene_LoadingScreen.swift in Sources */,
				67571A8D2F21952F00511067 /* GameScene_EntityManagement.swift in Sources */,
				67C26AE22F1335CD00C97685 /* GameState.swift in Sources */,
				67C26ABA2F1335B700C97685 /* Character.swift in Sources */,
				67C26AD62F1335CD00C97685 /* DialogueSystem.swift in Sources */,
				67571A932F21952F00511067 /* GameScene_Building.swift in Sources */,
				646D664F31444818B92D9AD0 /* ChunkSystem.swift in Sources */,
				2BF9D9322D964048891DEF16 /* WorldGenerator.swift in Sources */,
				D749461343E24F719F3AA3F6 /* PrefabFactory.swift in Sources */,
				6E4CEF3DADD44F2786D69F77 /* DeltaPersistence.swift in Sources */,
				67571AA02F2305DC00511067 /* GameScene_EntitySpawning.swift in Sources */,
				C7F26D3C851C490EB095A550 /* TMXInstanceLoader.swift in Sources */,
				A1B2C3D4E5F6789012345680 /* WorldConfig.swift in Sources */,
				6753AA802F1EEEFD00DF0F1E /* TerrainAutotiling.swift in Sources */,
			);
			runOnlyForDeploymentPostprocessing = 0;
		};
		67C26A8C2F1334C500C97685 /* Sources */ = {
			isa = PBXSourcesBuildPhase;
			buildActionMask = 2147483647;
			files = (
				67C26AE02F1335CD00C97685 /* TiledMapParser.swift in Sources */,
				67C26ADA2F1335CD00C97685 /* CombatSystem.swift in Sources */,
				67C26AD12F1335CD00C97685 /* TileManager.swift in Sources */,
				67C26AC72F1335B700C97685 /* Animal.swift in Sources */,
				67C26A952F1334C500C97685 /* GameViewController.swift in Sources */,
				67571A9A2F21952F00511067 /* GameScene_Camera.swift in Sources */,
				67571A9D2F21952F00511067 /* GameScene_WorldRendering.swift in Sources */,
				67C26AD42F1335CD00C97685 /* SaveManager.swift in Sources */,
				67571A752F206F3000511067 /* ChestUI.swift in Sources */,
				6753AA062F13920B00DF0F1E /* SpriteGenerationService.swift in Sources */,
				67C26AEF2F1335D700C97685 /* GameUI.swift in Sources */,
				67571A882F21952F00511067 /* GameScene_Collision.swift in Sources */,
				67C26AF42F1335D700C97685 /* CharacterUI.swift in Sources */,
				6753AA0B2F145E8000DF0F1E /* GameScene_iOS.swift in Sources */,
				67C26B0B2F13366200C97685 /* AnimalEncounterScene.swift in Sources */,
				67C26B032F13365B00C97685 /* CombatScene.swift in Sources */,
				67C26AEC2F1335D700C97685 /* CombatUI.swift in Sources */,
				6753AA0E2F145E8000DF0F1E /* GameScene_macOS.swift in Sources */,
				67C26ABE2F1335B700C97685 /* Structure.swift in Sources */,
				67C26A932F1334C500C97685 /* AppDelegate.swift in Sources */,
				6753AA7D2F1DD0AF00DF0F1E /* BuildUI.swift in Sources */,
				67571A852F21952F00511067 /* GameScene_ObjectInteraction.swift in Sources */,
				67C26ADD2F1335CD00C97685 /* WorldSystem.swift in Sources */,
				67C26AC42F1335B700C97685 /* Item.swift in Sources */,
				67C26AE92F1335D700C97685 /* MenuStyling.swift in Sources */,
				67C26AC12F1335B700C97685 /* Player.swift in Sources */,
				67571A912F21952F00511067 /* GameScene_PlayerMovement.swift in Sources */,
				67571A972F21952F00511067 /* GameScene_Inventory.swift in Sources */,
				67C26B132F133B4800C97685 /* GameScene.swift in Sources */,
				67C26AF72F13363700C97685 /* StartScreenScene.swift in Sources */,
				67C26B072F13365E00C97685 /* CharacterCreationScene.swift in Sources */,
				67571A8B2F21952F00511067 /* GameScene_LoadingScreen.swift in Sources */,
				67571A8E2F21952F00511067 /* GameScene_EntityManagement.swift in Sources */,
				67C26AE32F1335CD00C97685 /* GameState.swift in Sources */,
				67C26ABB2F1335B700C97685 /* Character.swift in Sources */,
				67C26AD72F1335CD00C97685 /* DialogueSystem.swift in Sources */,
				67571A942F21952F00511067 /* GameScene_Building.swift in Sources */,
				646D664F31444818B92D9AD1 /* ChunkSystem.swift in Sources */,
				2BF9D9322D964048891DEF17 /* WorldGenerator.swift in Sources */,
				D749461343E24F719F3AA3F7 /* PrefabFactory.swift in Sources */,
				6E4CEF3DADD44F2786D69F78 /* DeltaPersistence.swift in Sources */,
				67571AA12F2305DC00511067 /* GameScene_EntitySpawning.swift in Sources */,
				C7F26D3C851C490EB095A551 /* TMXInstanceLoader.swift in Sources */,
				A1B2C3D4E5F6789012345681 /* WorldConfig.swift in Sources */,
				6753AA812F1EEEFD00DF0F1E /* TerrainAutotiling.swift in Sources */,
			);
			runOnlyForDeploymentPostprocessing = 0;
		};
/* End PBXSourcesBuildPhase section */

/* Begin PBXVariantGroup section */
		67C26A762F1334C400C97685 /* Main.storyboard */ = {
			isa = PBXVariantGroup;
			children = (
				67C26A772F1334C400C97685 /* Base */,
			);
			name = Main.storyboard;
			sourceTree = "<group>";
		};
		67C26A792F1334C400C97685 /* LaunchScreen.storyboard */ = {
			isa = PBXVariantGroup;
			children = (
				67C26A7A2F1334C400C97685 /* Base */,
			);
			name = LaunchScreen.storyboard;
			sourceTree = "<group>";
		};
		67C26A862F1334C500C97685 /* Main.storyboard */ = {
			isa = PBXVariantGroup;
			children = (
				67C26A872F1334C500C97685 /* Base */,
			);
			name = Main.storyboard;
			sourceTree = "<group>";
		};
		67C26A892F1334C500C97685 /* LaunchScreen.storyboard */ = {
			isa = PBXVariantGroup;
			children = (
				67C26A8A2F1334C500C97685 /* Base */,
			);
			name = LaunchScreen.storyboard;
			sourceTree = "<group>";
		};
		67C26A962F1334C500C97685 /* Main.storyboard */ = {
			isa = PBXVariantGroup;
			children = (
				67C26A972F1334C500C97685 /* Base */,
			);
			name = Main.storyboard;
			sourceTree = "<group>";
		};
/* End PBXVariantGroup section */

/* Begin XCBuildConfiguration section */
		67C26AA62F1334C500C97685 /* Debug */ = {
			isa = XCBuildConfiguration;
			buildSettings = {
				ALWAYS_SEARCH_USER_PATHS = NO;
				ASSETCATALOG_COMPILER_GENERATE_SWIFT_ASSET_SYMBOL_EXTENSIONS = YES;
				CLANG_ANALYZER_NONNULL = YES;
				CLANG_ANALYZER_NUMBER_OBJECT_CONVERSION = YES_AGGRESSIVE;
				CLANG_CXX_LANGUAGE_STANDARD = "gnu++20";
				CLANG_ENABLE_MODULES = YES;
				CLANG_ENABLE_OBJC_ARC = YES;
				CLANG_ENABLE_OBJC_WEAK = YES;
				CLANG_WARN_BLOCK_CAPTURE_AUTORELEASING = YES;
				CLANG_WARN_BOOL_CONVERSION = YES;
				CLANG_WARN_COMMA = YES;
				CLANG_WARN_CONSTANT_CONVERSION = YES;
				CLANG_WARN_DEPRECATED_OBJC_IMPLEMENTATIONS = YES;
				CLANG_WARN_DIRECT_OBJC_ISA_USAGE = YES_ERROR;
				CLANG_WARN_DOCUMENTATION_COMMENTS = YES;
				CLANG_WARN_EMPTY_BODY = YES;
				CLANG_WARN_ENUM_CONVERSION = YES;
				CLANG_WARN_INFINITE_RECURSION = YES;
				CLANG_WARN_INT_CONVERSION = YES;
				CLANG_WARN_NON_LITERAL_NULL_CONVERSION = YES;
				CLANG_WARN_OBJC_IMPLICIT_RETAIN_SELF = YES;
				CLANG_WARN_OBJC_LITERAL_CONVERSION = YES;
				CLANG_WARN_OBJC_ROOT_CLASS = YES_ERROR;
				CLANG_WARN_QUOTED_INCLUDE_IN_FRAMEWORK_HEADER = YES;
				CLANG_WARN_RANGE_LOOP_ANALYSIS = YES;
				CLANG_WARN_STRICT_PROTOTYPES = YES;
				CLANG_WARN_SUSPICIOUS_MOVE = YES;
				CLANG_WARN_UNGUARDED_AVAILABILITY = YES_AGGRESSIVE;
				CLANG_WARN_UNREACHABLE_CODE = YES;
				CLANG_WARN__DUPLICATE_METHOD_MATCH = YES;
				COPY_PHASE_STRIP = NO;
				DEBUG_INFORMATION_FORMAT = dwarf;
				ENABLE_STRICT_OBJC_MSGSEND = YES;
				ENABLE_TESTABILITY = YES;
				ENABLE_USER_SCRIPT_SANDBOXING = YES;
				GCC_C_LANGUAGE_STANDARD = gnu17;
				GCC_DYNAMIC_NO_PIC = NO;
				GCC_NO_COMMON_BLOCKS = YES;
				GCC_OPTIMIZATION_LEVEL = 0;
				GCC_PREPROCESSOR_DEFINITIONS = (
					"DEBUG=1",
					"$(inherited)",
				);
				GCC_WARN_64_TO_32_BIT_CONVERSION = YES;
				GCC_WARN_ABOUT_RETURN_TYPE = YES_ERROR;
				GCC_WARN_UNDECLARED_SELECTOR = YES;
				GCC_WARN_UNINITIALIZED_AUTOS = YES_AGGRESSIVE;
				GCC_WARN_UNUSED_FUNCTION = YES;
				GCC_WARN_UNUSED_VARIABLE = YES;
				LOCALIZATION_PREFERS_STRING_CATALOGS = YES;
				MTL_ENABLE_DEBUG_INFO = INCLUDE_SOURCE;
				MTL_FAST_MATH = YES;
				ONLY_ACTIVE_ARCH = YES;
				SWIFT_ACTIVE_COMPILATION_CONDITIONS = "DEBUG $(inherited)";
				SWIFT_OPTIMIZATION_LEVEL = "-Onone";
			};
			name = Debug;
		};
		67C26AA72F1334C500C97685 /* Release */ = {
			isa = XCBuildConfiguration;
			buildSettings = {
				ALWAYS_SEARCH_USER_PATHS = NO;
				ASSETCATALOG_COMPILER_GENERATE_SWIFT_ASSET_SYMBOL_EXTENSIONS = YES;
				CLANG_ANALYZER_NONNULL = YES;
				CLANG_ANALYZER_NUMBER_OBJECT_CONVERSION = YES_AGGRESSIVE;
				CLANG_CXX_LANGUAGE_STANDARD = "gnu++20";
				CLANG_ENABLE_MODULES = YES;
				CLANG_ENABLE_OBJC_ARC = YES;
				CLANG_ENABLE_OBJC_WEAK = YES;
				CLANG_WARN_BLOCK_CAPTURE_AUTORELEASING = YES;
				CLANG_WARN_BOOL_CONVERSION = YES;
				CLANG_WARN_COMMA = YES;
				CLANG_WARN_CONSTANT_CONVERSION = YES;
				CLANG_WARN_DEPRECATED_OBJC_IMPLEMENTATIONS = YES;
				CLANG_WARN_DIRECT_OBJC_ISA_USAGE = YES_ERROR;
				CLANG_WARN_DOCUMENTATION_COMMENTS = YES;
				CLANG_WARN_EMPTY_BODY = YES;
				CLANG_WARN_ENUM_CONVERSION = YES;
				CLANG_WARN_INFINITE_RECURSION = YES;
				CLANG_WARN_INT_CONVERSION = YES;
				CLANG_WARN_NON_LITERAL_NULL_CONVERSION = YES;
				CLANG_WARN_OBJC_IMPLICIT_RETAIN_SELF = YES;
				CLANG_WARN_OBJC_LITERAL_CONVERSION = YES;
				CLANG_WARN_OBJC_ROOT_CLASS = YES_ERROR;
				CLANG_WARN_QUOTED_INCLUDE_IN_FRAMEWORK_HEADER = YES;
				CLANG_WARN_RANGE_LOOP_ANALYSIS = YES;
				CLANG_WARN_STRICT_PROTOTYPES = YES;
				CLANG_WARN_SUSPICIOUS_MOVE = YES;
				CLANG_WARN_UNGUARDED_AVAILABILITY = YES_AGGRESSIVE;
				CLANG_WARN_UNREACHABLE_CODE = YES;
				CLANG_WARN__DUPLICATE_METHOD_MATCH = YES;
				COPY_PHASE_STRIP = NO;
				DEBUG_INFORMATION_FORMAT = "dwarf-with-dsym";
				ENABLE_NS_ASSERTIONS = NO;
				ENABLE_STRICT_OBJC_MSGSEND = YES;
				ENABLE_USER_SCRIPT_SANDBOXING = YES;
				GCC_C_LANGUAGE_STANDARD = gnu17;
				GCC_NO_COMMON_BLOCKS = YES;
				GCC_WARN_64_TO_32_BIT_CONVERSION = YES;
				GCC_WARN_ABOUT_RETURN_TYPE = YES_ERROR;
				GCC_WARN_UNDECLARED_SELECTOR = YES;
				GCC_WARN_UNINITIALIZED_AUTOS = YES_AGGRESSIVE;
				GCC_WARN_UNUSED_FUNCTION = YES;
				GCC_WARN_UNUSED_VARIABLE = YES;
				LOCALIZATION_PREFERS_STRING_CATALOGS = YES;
				MTL_ENABLE_DEBUG_INFO = NO;
				MTL_FAST_MATH = YES;
				SWIFT_COMPILATION_MODE = wholemodule;
			};
			name = Release;
		};
		67C26AA92F1334C500C97685 /* Debug */ = {
			isa = XCBuildConfiguration;
			buildSettings = {
				ASSETCATALOG_COMPILER_APPICON_NAME = AppIcon;
				ASSETCATALOG_COMPILER_GLOBAL_ACCENT_COLOR_NAME = AccentColor;
				CODE_SIGN_STYLE = Automatic;
				CURRENT_PROJECT_VERSION = 1;
				DEVELOPMENT_TEAM = 2TR8DCWVY5;
				GENERATE_INFOPLIST_FILE = YES;
				INFOPLIST_KEY_UIApplicationSupportsIndirectInputEvents = YES;
				INFOPLIST_KEY_UILaunchStoryboardName = LaunchScreen;
				INFOPLIST_KEY_UIMainStoryboardFile = Main;
				INFOPLIST_KEY_UIStatusBarHidden = YES;
				INFOPLIST_KEY_UISupportedInterfaceOrientations_iPad = "UIInterfaceOrientationPortrait UIInterfaceOrientationPortraitUpsideDown UIInterfaceOrientationLandscapeLeft UIInterfaceOrientationLandscapeRight";
				INFOPLIST_KEY_UISupportedInterfaceOrientations_iPhone = "UIInterfaceOrientationPortrait UIInterfaceOrientationLandscapeLeft UIInterfaceOrientationLandscapeRight";
				IPHONEOS_DEPLOYMENT_TARGET = 17.4;
				LD_RUNPATH_SEARCH_PATHS = (
					"$(inherited)",
					"@executable_path/Frameworks",
				);
				MARKETING_VERSION = 1.0;
				PRODUCT_BUNDLE_IDENTIFIER = Hubbubb.FableForge;
				PRODUCT_NAME = FableForge;
				SDKROOT = iphoneos;
				SWIFT_EMIT_LOC_STRINGS = YES;
				SWIFT_VERSION = 5.0;
				TARGETED_DEVICE_FAMILY = "1,2";
			};
			name = Debug;
		};
		67C26AAA2F1334C500C97685 /* Release */ = {
			isa = XCBuildConfiguration;
			buildSettings = {
				ASSETCATALOG_COMPILER_APPICON_NAME = AppIcon;
				ASSETCATALOG_COMPILER_GLOBAL_ACCENT_COLOR_NAME = AccentColor;
				CODE_SIGN_STYLE = Automatic;
				CURRENT_PROJECT_VERSION = 1;
				DEVELOPMENT_TEAM = 2TR8DCWVY5;
				GENERATE_INFOPLIST_FILE = YES;
				INFOPLIST_KEY_UIApplicationSupportsIndirectInputEvents = YES;
				INFOPLIST_KEY_UILaunchStoryboardName = LaunchScreen;
				INFOPLIST_KEY_UIMainStoryboardFile = Main;
				INFOPLIST_KEY_UIStatusBarHidden = YES;
				INFOPLIST_KEY_UISupportedInterfaceOrientations_iPad = "UIInterfaceOrientationPortrait UIInterfaceOrientationPortraitUpsideDown UIInterfaceOrientationLandscapeLeft UIInterfaceOrientationLandscapeRight";
				INFOPLIST_KEY_UISupportedInterfaceOrientations_iPhone = "UIInterfaceOrientationPortrait UIInterfaceOrientationLandscapeLeft UIInterfaceOrientationLandscapeRight";
				IPHONEOS_DEPLOYMENT_TARGET = 17.4;
				LD_RUNPATH_SEARCH_PATHS = (
					"$(inherited)",
					"@executable_path/Frameworks",
				);
				MARKETING_VERSION = 1.0;
				PRODUCT_BUNDLE_IDENTIFIER = Hubbubb.FableForge;
				PRODUCT_NAME = FableForge;
				SDKROOT = iphoneos;
				SWIFT_EMIT_LOC_STRINGS = YES;
				SWIFT_VERSION = 5.0;
				TARGETED_DEVICE_FAMILY = "1,2";
				VALIDATE_PRODUCT = YES;
			};
			name = Release;
		};
		67C26AAC2F1334C500C97685 /* Debug */ = {
			isa = XCBuildConfiguration;
			buildSettings = {
				ASSETCATALOG_COMPILER_APPICON_NAME = "tvOS App Icon & Top Shelf Image";
				ASSETCATALOG_COMPILER_GLOBAL_ACCENT_COLOR_NAME = AccentColor;
				CODE_SIGN_STYLE = Automatic;
				CURRENT_PROJECT_VERSION = 1;
				DEVELOPMENT_TEAM = 2TR8DCWVY5;
				GENERATE_INFOPLIST_FILE = YES;
				INFOPLIST_KEY_UILaunchStoryboardName = LaunchScreen;
				INFOPLIST_KEY_UIMainStoryboardFile = Main;
				INFOPLIST_KEY_UIUserInterfaceStyle = Automatic;
				LD_RUNPATH_SEARCH_PATHS = (
					"$(inherited)",
					"@executable_path/Frameworks",
				);
				MARKETING_VERSION = 1.0;
				PRODUCT_BUNDLE_IDENTIFIER = Hubbubb.FableForge;
				PRODUCT_NAME = FableForge;
				SDKROOT = appletvos;
				SWIFT_EMIT_LOC_STRINGS = YES;
				SWIFT_VERSION = 5.0;
				TARGETED_DEVICE_FAMILY = 3;
				TVOS_DEPLOYMENT_TARGET = 17.4;
			};
			name = Debug;
		};
		67C26AAD2F1334C500C97685 /* Release */ = {
			isa = XCBuildConfiguration;
			buildSettings = {
				ASSETCATALOG_COMPILER_APPICON_NAME = "tvOS App Icon & Top Shelf Image";
				ASSETCATALOG_COMPILER_GLOBAL_ACCENT_COLOR_NAME = AccentColor;
				CODE_SIGN_STYLE = Automatic;
				CURRENT_PROJECT_VERSION = 1;
				DEVELOPMENT_TEAM = 2TR8DCWVY5;
				GENERATE_INFOPLIST_FILE = YES;
				INFOPLIST_KEY_UILaunchStoryboardName = LaunchScreen;
				INFOPLIST_KEY_UIMainStoryboardFile = Main;
				INFOPLIST_KEY_UIUserInterfaceStyle = Automatic;
				LD_RUNPATH_SEARCH_PATHS = (
					"$(inherited)",
					"@executable_path/Frameworks",
				);
				MARKETING_VERSION = 1.0;
				PRODUCT_BUNDLE_IDENTIFIER = Hubbubb.FableForge;
				PRODUCT_NAME = FableForge;
				SDKROOT = appletvos;
				SWIFT_EMIT_LOC_STRINGS = YES;
				SWIFT_VERSION = 5.0;
				TARGETED_DEVICE_FAMILY = 3;
				TVOS_DEPLOYMENT_TARGET = 17.4;
				VALIDATE_PRODUCT = YES;
			};
			name = Release;
		};
		67C26AAF2F1334C500C97685 /* Debug */ = {
			isa = XCBuildConfiguration;
			buildSettings = {
				ASSETCATALOG_COMPILER_APPICON_NAME = AppIcon;
				ASSETCATALOG_COMPILER_GLOBAL_ACCENT_COLOR_NAME = AccentColor;
				CODE_SIGN_ALLOW_ENTITLEMENTS_MODIFICATIONS = YES;
				CODE_SIGN_ENTITLEMENTS = "FableForge macOS/FableForge_macOS.entitlements";
				CODE_SIGN_STYLE = Automatic;
				COMBINE_HIDPI_IMAGES = YES;
				CURRENT_PROJECT_VERSION = 1;
				DEVELOPMENT_TEAM = 2TR8DCWVY5;
				ENABLE_HARDENED_RUNTIME = YES;
				GENERATE_INFOPLIST_FILE = YES;
				INFOPLIST_KEY_NSHumanReadableCopyright = "";
				INFOPLIST_KEY_NSMainStoryboardFile = Main;
				INFOPLIST_KEY_NSPrincipalClass = NSApplication;
				LD_RUNPATH_SEARCH_PATHS = (
					"$(inherited)",
					"@executable_path/../Frameworks",
				);
				MACOSX_DEPLOYMENT_TARGET = 14.3;
				MARKETING_VERSION = 1.0;
				PRODUCT_BUNDLE_IDENTIFIER = Hubbubb.FableForge;
				PRODUCT_NAME = FableForge;
				SDKROOT = macosx;
				SWIFT_EMIT_LOC_STRINGS = YES;
				SWIFT_VERSION = 5.0;
			};
			name = Debug;
		};
		67C26AB02F1334C500C97685 /* Release */ = {
			isa = XCBuildConfiguration;
			buildSettings = {
				ASSETCATALOG_COMPILER_APPICON_NAME = AppIcon;
				ASSETCATALOG_COMPILER_GLOBAL_ACCENT_COLOR_NAME = AccentColor;
				CODE_SIGN_ALLOW_ENTITLEMENTS_MODIFICATIONS = YES;
				CODE_SIGN_ENTITLEMENTS = "FableForge macOS/FableForge_macOS.entitlements";
				CODE_SIGN_STYLE = Automatic;
				COMBINE_HIDPI_IMAGES = YES;
				CURRENT_PROJECT_VERSION = 1;
				DEVELOPMENT_TEAM = 2TR8DCWVY5;
				ENABLE_HARDENED_RUNTIME = YES;
				GENERATE_INFOPLIST_FILE = YES;
				INFOPLIST_KEY_NSHumanReadableCopyright = "";
				INFOPLIST_KEY_NSMainStoryboardFile = Main;
				INFOPLIST_KEY_NSPrincipalClass = NSApplication;
				LD_RUNPATH_SEARCH_PATHS = (
					"$(inherited)",
					"@executable_path/../Frameworks",
				);
				MACOSX_DEPLOYMENT_TARGET = 14.3;
				MARKETING_VERSION = 1.0;
				PRODUCT_BUNDLE_IDENTIFIER = Hubbubb.FableForge;
				PRODUCT_NAME = FableForge;
				SDKROOT = macosx;
				SWIFT_EMIT_LOC_STRINGS = YES;
				SWIFT_VERSION = 5.0;
			};
			name = Release;
		};
/* End XCBuildConfiguration section */

/* Begin XCConfigurationList section */
		67C26A652F1334C200C97685 /* Build configuration list for PBXProject "FableForge" */ = {
			isa = XCConfigurationList;
			buildConfigurations = (
				67C26AA62F1334C500C97685 /* Debug */,
				67C26AA72F1334C500C97685 /* Release */,
			);
			defaultConfigurationIsVisible = 0;
			defaultConfigurationName = Release;
		};
		67C26AA82F1334C500C97685 /* Build configuration list for PBXNativeTarget "FableForge iOS" */ = {
			isa = XCConfigurationList;
			buildConfigurations = (
				67C26AA92F1334C500C97685 /* Debug */,
				67C26AAA2F1334C500C97685 /* Release */,
			);
			defaultConfigurationIsVisible = 0;
			defaultConfigurationName = Release;
		};
		67C26AAB2F1334C500C97685 /* Build configuration list for PBXNativeTarget "FableForge tvOS" */ = {
			isa = XCConfigurationList;
			buildConfigurations = (
				67C26AAC2F1334C500C97685 /* Debug */,
				67C26AAD2F1334C500C97685 /* Release */,
			);
			defaultConfigurationIsVisible = 0;
			defaultConfigurationName = Release;
		};
		67C26AAE2F1334C500C97685 /* Build configuration list for PBXNativeTarget "FableForge macOS" */ = {
			isa = XCConfigurationList;
			buildConfigurations = (
				67C26AAF2F1334C500C97685 /* Debug */,
				67C26AB02F1334C500C97685 /* Release */,
			);
			defaultConfigurationIsVisible = 0;
			defaultConfigurationName = Release;
		};
/* End XCConfigurationList section */
	};
	rootObject = 67C26A622F1334C200C97685 /* Project object */;
}
